// !$*UTF8*$!
{
	archiveVersion = 1;
	classes = {
	};
	objectVersion = 46;
	objects = {

/* Begin PBXBuildFile section */
		CB0070591EF9F1DD00F1625E /* main.m in Sources */ = {isa = PBXBuildFile; fileRef = CB0070581EF9F1DD00F1625E /* main.m */; };
		CB00705C1EF9F1DD00F1625E /* AppDelegate.m in Sources */ = {isa = PBXBuildFile; fileRef = CB00705B1EF9F1DD00F1625E /* AppDelegate.m */; };
		CB00705F1EF9F1DD00F1625E /* ViewController.m in Sources */ = {isa = PBXBuildFile; fileRef = CB00705E1EF9F1DD00F1625E /* ViewController.m */; };
		CB0070621EF9F1DD00F1625E /* Main.storyboard in Resources */ = {isa = PBXBuildFile; fileRef = CB0070601EF9F1DD00F1625E /* Main.storyboard */; };
		CB0070641EF9F1DD00F1625E /* Assets.xcassets in Resources */ = {isa = PBXBuildFile; fileRef = CB0070631EF9F1DD00F1625E /* Assets.xcassets */; };
		CB0070671EF9F1DD00F1625E /* LaunchScreen.storyboard in Resources */ = {isa = PBXBuildFile; fileRef = CB0070651EF9F1DD00F1625E /* LaunchScreen.storyboard */; };
		CB0070721EF9F1DD00F1625E /* selector_demoTests.m in Sources */ = {isa = PBXBuildFile; fileRef = CB0070711EF9F1DD00F1625E /* selector_demoTests.m */; };
		CB00707D1EF9F1DD00F1625E /* selector_demoUITests.m in Sources */ = {isa = PBXBuildFile; fileRef = CB00707C1EF9F1DD00F1625E /* selector_demoUITests.m */; };
		CB00708C1EF9F1EA00F1625E /* Person.m in Sources */ = {isa = PBXBuildFile; fileRef = CB00708B1EF9F1EA00F1625E /* Person.m */; };
		CB00708F1EF9F1F500F1625E /* Student.m in Sources */ = {isa = PBXBuildFile; fileRef = CB00708E1EF9F1F500F1625E /* Student.m */; };
/* End PBXBuildFile section */

/* Begin PBXContainerItemProxy section */
		CB00706E1EF9F1DD00F1625E /* PBXContainerItemProxy */ = {
			isa = PBXContainerItemProxy;
			containerPortal = CB00704C1EF9F1DD00F1625E /* Project object */;
			proxyType = 1;
			remoteGlobalIDString = CB0070531EF9F1DD00F1625E;
			remoteInfo = selector_demo;
		};
		CB0070791EF9F1DD00F1625E /* PBXContainerItemProxy */ = {
			isa = PBXContainerItemProxy;
			containerPortal = CB00704C1EF9F1DD00F1625E /* Project object */;
			proxyType = 1;
			remoteGlobalIDString = CB0070531EF9F1DD00F1625E;
			remoteInfo = selector_demo;
		};
/* End PBXContainerItemProxy section */

/* Begin PBXFileReference section */
		CB0070541EF9F1DD00F1625E /* selector_demo.app */ = {isa = PBXFileReference; explicitFileType = wrapper.application; includeInIndex = 0; path = selector_demo.app; sourceTree = BUILT_PRODUCTS_DIR; };
		CB0070581EF9F1DD00F1625E /* main.m */ = {isa = PBXFileReference; lastKnownFileType = sourcecode.c.objc; path = main.m; sourceTree = "<group>"; };
		CB00705A1EF9F1DD00F1625E /* AppDelegate.h */ = {isa = PBXFileReference; lastKnownFileType = sourcecode.c.h; path = AppDelegate.h; sourceTree = "<group>"; };
		CB00705B1EF9F1DD00F1625E /* AppDelegate.m */ = {isa = PBXFileReference; lastKnownFileType = sourcecode.c.objc; path = AppDelegate.m; sourceTree = "<group>"; };
		CB00705D1EF9F1DD00F1625E /* ViewController.h */ = {isa = PBXFileReference; lastKnownFileType = sourcecode.c.h; path = ViewController.h; sourceTree = "<group>"; };
		CB00705E1EF9F1DD00F1625E /* ViewController.m */ = {isa = PBXFileReference; lastKnownFileType = sourcecode.c.objc; path = ViewController.m; sourceTree = "<group>"; };
		CB0070611EF9F1DD00F1625E /* Base */ = {isa = PBXFileReference; lastKnownFileType = file.storyboard; name = Base; path = Base.lproj/Main.storyboard; sourceTree = "<group>"; };
		CB0070631EF9F1DD00F1625E /* Assets.xcassets */ = {isa = PBXFileReference; lastKnownFileType = folder.assetcatalog; path = Assets.xcassets; sourceTree = "<group>"; };
		CB0070661EF9F1DD00F1625E /* Base */ = {isa = PBXFileReference; lastKnownFileType = file.storyboard; name = Base; path = Base.lproj/LaunchScreen.storyboard; sourceTree = "<group>"; };
		CB0070681EF9F1DD00F1625E /* Info.plist */ = {isa = PBXFileReference; lastKnownFileType = text.plist.xml; path = Info.plist; sourceTree = "<group>"; };
		CB00706D1EF9F1DD00F1625E /* selector_demoTests.xctest */ = {isa = PBXFileReference; explicitFileType = wrapper.cfbundle; includeInIndex = 0; path = selector_demoTests.xctest; sourceTree = BUILT_PRODUCTS_DIR; };
		CB0070711EF9F1DD00F1625E /* selector_demoTests.m */ = {isa = PBXFileReference; lastKnownFileType = sourcecode.c.objc; path = selector_demoTests.m; sourceTree = "<group>"; };
		CB0070731EF9F1DD00F1625E /* Info.plist */ = {isa = PBXFileReference; lastKnownFileType = text.plist.xml; path = Info.plist; sourceTree = "<group>"; };
		CB0070781EF9F1DD00F1625E /* selector_demoUITests.xctest */ = {isa = PBXFileReference; explicitFileType = wrapper.cfbundle; includeInIndex = 0; path = selector_demoUITests.xctest; sourceTree = BUILT_PRODUCTS_DIR; };
		CB00707C1EF9F1DD00F1625E /* selector_demoUITests.m */ = {isa = PBXFileReference; lastKnownFileType = sourcecode.c.objc; path = selector_demoUITests.m; sourceTree = "<group>"; };
		CB00707E1EF9F1DD00F1625E /* Info.plist */ = {isa = PBXFileReference; lastKnownFileType = text.plist.xml; path = Info.plist; sourceTree = "<group>"; };
		CB00708A1EF9F1EA00F1625E /* Person.h */ = {isa = PBXFileReference; fileEncoding = 4; lastKnownFileType = sourcecode.c.h; path = Person.h; sourceTree = "<group>"; };
		CB00708B1EF9F1EA00F1625E /* Person.m */ = {isa = PBXFileReference; fileEncoding = 4; lastKnownFileType = sourcecode.c.objc; path = Person.m; sourceTree = "<group>"; };
		CB00708D1EF9F1F500F1625E /* Student.h */ = {isa = PBXFileReference; fileEncoding = 4; lastKnownFileType = sourcecode.c.h; path = Student.h; sourceTree = "<group>"; };
		CB00708E1EF9F1F500F1625E /* Student.m */ = {isa = PBXFileReference; fileEncoding = 4; lastKnownFileType = sourcecode.c.objc; path = Student.m; sourceTree = "<group>"; };
/* End PBXFileReference section */

/* Begin PBXFrameworksBuildPhase section */
		CB0070511EF9F1DD00F1625E /* Frameworks */ = {
			isa = PBXFrameworksBuildPhase;
			buildActionMask = 2147483647;
			files = (
			);
			runOnlyForDeploymentPostprocessing = 0;
		};
		CB00706A1EF9F1DD00F1625E /* Frameworks */ = {
			isa = PBXFrameworksBuildPhase;
			buildActionMask = 2147483647;
			files = (
			);
			runOnlyForDeploymentPostprocessing = 0;
		};
		CB0070751EF9F1DD00F1625E /* Frameworks */ = {
			isa = PBXFrameworksBuildPhase;
			buildActionMask = 2147483647;
			files = (
			);
			runOnlyForDeploymentPostprocessing = 0;
		};
/* End PBXFrameworksBuildPhase section */

/* Begin PBXGroup section */
		CB00704B1EF9F1DD00F1625E = {
			isa = PBXGroup;
			children = (
				CB0070561EF9F1DD00F1625E /* selector_demo */,
				CB0070701EF9F1DD00F1625E /* selector_demoTests */,
				CB00707B1EF9F1DD00F1625E /* selector_demoUITests */,
				CB0070551EF9F1DD00F1625E /* Products */,
			);
			sourceTree = "<group>";
		};
		CB0070551EF9F1DD00F1625E /* Products */ = {
			isa = PBXGroup;
			children = (
				CB0070541EF9F1DD00F1625E /* selector_demo.app */,
				CB00706D1EF9F1DD00F1625E /* selector_demoTests.xctest */,
				CB0070781EF9F1DD00F1625E /* selector_demoUITests.xctest */,
			);
			name = Products;
			sourceTree = "<group>";
		};
		CB0070561EF9F1DD00F1625E /* selector_demo */ = {
			isa = PBXGroup;
			children = (
				CB00705A1EF9F1DD00F1625E /* AppDelegate.h */,
				CB00705B1EF9F1DD00F1625E /* AppDelegate.m */,
				CB00705D1EF9F1DD00F1625E /* ViewController.h */,
				CB00705E1EF9F1DD00F1625E /* ViewController.m */,
				CB00708A1EF9F1EA00F1625E /* Person.h */,
				CB00708B1EF9F1EA00F1625E /* Person.m */,
				CB00708D1EF9F1F500F1625E /* Student.h */,
				CB00708E1EF9F1F500F1625E /* Student.m */,
				CB0070601EF9F1DD00F1625E /* Main.storyboard */,
				CB0070631EF9F1DD00F1625E /* Assets.xcassets */,
				CB0070651EF9F1DD00F1625E /* LaunchScreen.storyboard */,
				CB0070681EF9F1DD00F1625E /* Info.plist */,
				CB0070571EF9F1DD00F1625E /* Supporting Files */,
			);
			path = selector_demo;
			sourceTree = "<group>";
		};
		CB0070571EF9F1DD00F1625E /* Supporting Files */ = {
			isa = PBXGroup;
			children = (
				CB0070581EF9F1DD00F1625E /* main.m */,
			);
			name = "Supporting Files";
			sourceTree = "<group>";
		};
		CB0070701EF9F1DD00F1625E /* selector_demoTests */ = {
			isa = PBXGroup;
			children = (
				CB0070711EF9F1DD00F1625E /* selector_demoTests.m */,
				CB0070731EF9F1DD00F1625E /* Info.plist */,
			);
			path = selector_demoTests;
			sourceTree = "<group>";
		};
		CB00707B1EF9F1DD00F1625E /* selector_demoUITests */ = {
			isa = PBXGroup;
			children = (
				CB00707C1EF9F1DD00F1625E /* selector_demoUITests.m */,
				CB00707E1EF9F1DD00F1625E /* Info.plist */,
			);
			path = selector_demoUITests;
			sourceTree = "<group>";
		};
/* End PBXGroup section */

/* Begin PBXNativeTarget section */
		CB0070531EF9F1DD00F1625E /* selector_demo */ = {
			isa = PBXNativeTarget;
			buildConfigurationList = CB0070811EF9F1DD00F1625E /* Build configuration list for PBXNativeTarget "selector_demo" */;
			buildPhases = (
				CB0070501EF9F1DD00F1625E /* Sources */,
				CB0070511EF9F1DD00F1625E /* Frameworks */,
				CB0070521EF9F1DD00F1625E /* Resources */,
			);
			buildRules = (
			);
			dependencies = (
			);
			name = selector_demo;
			productName = selector_demo;
			productReference = CB0070541EF9F1DD00F1625E /* selector_demo.app */;
			productType = "com.apple.product-type.application";
		};
		CB00706C1EF9F1DD00F1625E /* selector_demoTests */ = {
			isa = PBXNativeTarget;
			buildConfigurationList = CB0070841EF9F1DD00F1625E /* Build configuration list for PBXNativeTarget "selector_demoTests" */;
			buildPhases = (
				CB0070691EF9F1DD00F1625E /* Sources */,
				CB00706A1EF9F1DD00F1625E /* Frameworks */,
				CB00706B1EF9F1DD00F1625E /* Resources */,
			);
			buildRules = (
			);
			dependencies = (
				CB00706F1EF9F1DD00F1625E /* PBXTargetDependency */,
			);
			name = selector_demoTests;
			productName = selector_demoTests;
			productReference = CB00706D1EF9F1DD00F1625E /* selector_demoTests.xctest */;
			productType = "com.apple.product-type.bundle.unit-test";
		};
		CB0070771EF9F1DD00F1625E /* selector_demoUITests */ = {
			isa = PBXNativeTarget;
			buildConfigurationList = CB0070871EF9F1DD00F1625E /* Build configuration list for PBXNativeTarget "selector_demoUITests" */;
			buildPhases = (
				CB0070741EF9F1DD00F1625E /* Sources */,
				CB0070751EF9F1DD00F1625E /* Frameworks */,
				CB0070761EF9F1DD00F1625E /* Resources */,
			);
			buildRules = (
			);
			dependencies = (
				CB00707A1EF9F1DD00F1625E /* PBXTargetDependency */,
			);
			name = selector_demoUITests;
			productName = selector_demoUITests;
			productReference = CB0070781EF9F1DD00F1625E /* selector_demoUITests.xctest */;
			productType = "com.apple.product-type.bundle.ui-testing";
		};
/* End PBXNativeTarget section */

/* Begin PBXProject section */
		CB00704C1EF9F1DD00F1625E /* Project object */ = {
			isa = PBXProject;
			attributes = {
				LastUpgradeCheck = 0830;
				ORGANIZATIONNAME = Shijie;
				TargetAttributes = {
					CB0070531EF9F1DD00F1625E = {
						CreatedOnToolsVersion = 8.3.3;
						ProvisioningStyle = Automatic;
					};
					CB00706C1EF9F1DD00F1625E = {
						CreatedOnToolsVersion = 8.3.3;
						ProvisioningStyle = Automatic;
						TestTargetID = CB0070531EF9F1DD00F1625E;
					};
					CB0070771EF9F1DD00F1625E = {
						CreatedOnToolsVersion = 8.3.3;
						ProvisioningStyle = Automatic;
						TestTargetID = CB0070531EF9F1DD00F1625E;
					};
				};
			};
			buildConfigurationList = CB00704F1EF9F1DD00F1625E /* Build configuration list for PBXProject "selector_demo" */;
			compatibilityVersion = "Xcode 3.2";
			developmentRegion = English;
			hasScannedForEncodings = 0;
			knownRegions = (
				en,
				Base,
			);
			mainGroup = CB00704B1EF9F1DD00F1625E;
			productRefGroup = CB0070551EF9F1DD00F1625E /* Products */;
			projectDirPath = "";
			projectRoot = "";
			targets = (
				CB0070531EF9F1DD00F1625E /* selector_demo */,
				CB00706C1EF9F1DD00F1625E /* selector_demoTests */,
				CB0070771EF9F1DD00F1625E /* selector_demoUITests */,
			);
		};
/* End PBXProject section */

/* Begin PBXResourcesBuildPhase section */
		CB0070521EF9F1DD00F1625E /* Resources */ = {
			isa = PBXResourcesBuildPhase;
			buildActionMask = 2147483647;
			files = (
				CB0070671EF9F1DD00F1625E /* LaunchScreen.storyboard in Resources */,
				CB0070641EF9F1DD00F1625E /* Assets.xcassets in Resources */,
				CB0070621EF9F1DD00F1625E /* Main.storyboard in Resources */,
			);
			runOnlyForDeploymentPostprocessing = 0;
		};
		CB00706B1EF9F1DD00F1625E /* Resources */ = {
			isa = PBXResourcesBuildPhase;
			buildActionMask = 2147483647;
			files = (
			);
			runOnlyForDeploymentPostprocessing = 0;
		};
		CB0070761EF9F1DD00F1625E /* Resources */ = {
			isa = PBXResourcesBuildPhase;
			buildActionMask = 2147483647;
			files = (
			);
			runOnlyForDeploymentPostprocessing = 0;
		};
/* End PBXResourcesBuildPhase section */

/* Begin PBXSourcesBuildPhase section */
		CB0070501EF9F1DD00F1625E /* Sources */ = {
			isa = PBXSourcesBuildPhase;
			buildActionMask = 2147483647;
			files = (
				CB00705F1EF9F1DD00F1625E /* ViewController.m in Sources */,
				CB00705C1EF9F1DD00F1625E /* AppDelegate.m in Sources */,
				CB00708F1EF9F1F500F1625E /* Student.m in Sources */,
				CB00708C1EF9F1EA00F1625E /* Person.m in Sources */,
				CB0070591EF9F1DD00F1625E /* main.m in Sources */,
			);
			runOnlyForDeploymentPostprocessing = 0;
		};
		CB0070691EF9F1DD00F1625E /* Sources */ = {
			isa = PBXSourcesBuildPhase;
			buildActionMask = 2147483647;
			files = (
				CB0070721EF9F1DD00F1625E /* selector_demoTests.m in Sources */,
			);
			runOnlyForDeploymentPostprocessing = 0;
		};
		CB0070741EF9F1DD00F1625E /* Sources */ = {
			isa = PBXSourcesBuildPhase;
			buildActionMask = 2147483647;
			files = (
				CB00707D1EF9F1DD00F1625E /* selector_demoUITests.m in Sources */,
			);
			runOnlyForDeploymentPostprocessing = 0;
		};
/* End PBXSourcesBuildPhase section */

/* Begin PBXTargetDependency section */
		CB00706F1EF9F1DD00F1625E /* PBXTargetDependency */ = {
			isa = PBXTargetDependency;
			target = CB0070531EF9F1DD00F1625E /* selector_demo */;
			targetProxy = CB00706E1EF9F1DD00F1625E /* PBXContainerItemProxy */;
		};
		CB00707A1EF9F1DD00F1625E /* PBXTargetDependency */ = {
			isa = PBXTargetDependency;
			target = CB0070531EF9F1DD00F1625E /* selector_demo */;
			targetProxy = CB0070791EF9F1DD00F1625E /* PBXContainerItemProxy */;
		};
/* End PBXTargetDependency section */

/* Begin PBXVariantGroup section */
		CB0070601EF9F1DD00F1625E /* Main.storyboard */ = {
			isa = PBXVariantGroup;
			children = (
				CB0070611EF9F1DD00F1625E /* Base */,
			);
			name = Main.storyboard;
			sourceTree = "<group>";
		};
		CB0070651EF9F1DD00F1625E /* LaunchScreen.storyboard */ = {
			isa = PBXVariantGroup;
			children = (
				CB0070661EF9F1DD00F1625E /* Base */,
			);
			name = LaunchScreen.storyboard;
			sourceTree = "<group>";
		};
/* End PBXVariantGroup section */

/* Begin XCBuildConfiguration section */
		CB00707F1EF9F1DD00F1625E /* Debug */ = {
			isa = XCBuildConfiguration;
			buildSettings = {
				ALWAYS_SEARCH_USER_PATHS = NO;
				CLANG_ANALYZER_NONNULL = YES;
				CLANG_ANALYZER_NUMBER_OBJECT_CONVERSION = YES_AGGRESSIVE;
				CLANG_CXX_LANGUAGE_STANDARD = "gnu++0x";
				CLANG_CXX_LIBRARY = "libc++";
				CLANG_ENABLE_MODULES = YES;
				CLANG_ENABLE_OBJC_ARC = YES;
				CLANG_WARN_BOOL_CONVERSION = YES;
				CLANG_WARN_CONSTANT_CONVERSION = YES;
				CLANG_WARN_DIRECT_OBJC_ISA_USAGE = YES_ERROR;
				CLANG_WARN_DOCUMENTATION_COMMENTS = YES;
				CLANG_WARN_EMPTY_BODY = YES;
				CLANG_WARN_ENUM_CONVERSION = YES;
				CLANG_WARN_INFINITE_RECURSION = YES;
				CLANG_WARN_INT_CONVERSION = YES;
				CLANG_WARN_OBJC_ROOT_CLASS = YES_ERROR;
				CLANG_WARN_SUSPICIOUS_MOVE = YES;
				CLANG_WARN_UNREACHABLE_CODE = YES;
				CLANG_WARN__DUPLICATE_METHOD_MATCH = YES;
				"CODE_SIGN_IDENTITY[sdk=iphoneos*]" = "iPhone Developer";
				COPY_PHASE_STRIP = NO;
				DEBUG_INFORMATION_FORMAT = dwarf;
				ENABLE_STRICT_OBJC_MSGSEND = YES;
				ENABLE_TESTABILITY = YES;
				GCC_C_LANGUAGE_STANDARD = gnu99;
				GCC_DYNAMIC_NO_PIC = NO;
				GCC_NO_COMMON_BLOCKS = YES;
				GCC_OPTIMIZATION_LEVEL = 0;
				GCC_PREPROCESSOR_DEFINITIONS = (
					"DEBUG=1",
					"$(inherited)",
				);
				GCC_WARN_64_TO_32_BIT_CONVERSION = YES;
				GCC_WARN_ABOUT_RETURN_TYPE = YES_ERROR;
				GCC_WARN_UNDECLARED_SELECTOR = YES;
				GCC_WARN_UNINITIALIZED_AUTOS = YES_AGGRESSIVE;
				GCC_WARN_UNUSED_FUNCTION = YES;
				GCC_WARN_UNUSED_VARIABLE = YES;
				IPHONEOS_DEPLOYMENT_TARGET = 10.3;
				MTL_ENABLE_DEBUG_INFO = YES;
				ONLY_ACTIVE_ARCH = YES;
				SDKROOT = iphoneos;
			};
			name = Debug;
		};
		CB0070801EF9F1DD00F1625E /* Release */ = {
			isa = XCBuildConfiguration;
			buildSettings = {
				ALWAYS_SEARCH_USER_PATHS = NO;
				CLANG_ANALYZER_NONNULL = YES;
				CLANG_ANALYZER_NUMBER_OBJECT_CONVERSION = YES_AGGRESSIVE;
				CLANG_CXX_LANGUAGE_STANDARD = "gnu++0x";
				CLANG_CXX_LIBRARY = "libc++";
				CLANG_ENABLE_MODULES = YES;
				CLANG_ENABLE_OBJC_ARC = YES;
				CLANG_WARN_BOOL_CONVERSION = YES;
				CLANG_WARN_CONSTANT_CONVERSION = YES;
				CLANG_WARN_DIRECT_OBJC_ISA_USAGE = YES_ERROR;
				CLANG_WARN_DOCUMENTATION_COMMENTS = YES;
				CLANG_WARN_EMPTY_BODY = YES;
				CLANG_WARN_ENUM_CONVERSION = YES;
				CLANG_WARN_INFINITE_RECURSION = YES;
				CLANG_WARN_INT_CONVERSION = YES;
				CLANG_WARN_OBJC_ROOT_CLASS = YES_ERROR;
				CLANG_WARN_SUSPICIOUS_MOVE = YES;
				CLANG_WARN_UNREACHABLE_CODE = YES;
				CLANG_WARN__DUPLICATE_METHOD_MATCH = YES;
				"CODE_SIGN_IDENTITY[sdk=iphoneos*]" = "iPhone Developer";
				COPY_PHASE_STRIP = NO;
				DEBUG_INFORMATION_FORMAT = "dwarf-with-dsym";
				ENABLE_NS_ASSERTIONS = NO;
				ENABLE_STRICT_OBJC_MSGSEND = YES;
				GCC_C_LANGUAGE_STANDARD = gnu99;
				GCC_NO_COMMON_BLOCKS = YES;
				GCC_WARN_64_TO_32_BIT_CONVERSION = YES;
				GCC_WARN_ABOUT_RETURN_TYPE = YES_ERROR;
				GCC_WARN_UNDECLARED_SELECTOR = YES;
				GCC_WARN_UNINITIALIZED_AUTOS = YES_AGGRESSIVE;
				GCC_WARN_UNUSED_FUNCTION = YES;
				GCC_WARN_UNUSED_VARIABLE = YES;
				IPHONEOS_DEPLOYMENT_TARGET = 10.3;
				MTL_ENABLE_DEBUG_INFO = NO;
				SDKROOT = iphoneos;
				VALIDATE_PRODUCT = YES;
			};
			name = Release;
		};
		CB0070821EF9F1DD00F1625E /* Debug */ = {
			isa = XCBuildConfiguration;
			buildSettings = {
				ASSETCATALOG_COMPILER_APPICON_NAME = AppIcon;
				INFOPLIST_FILE = selector_demo/Info.plist;
				LD_RUNPATH_SEARCH_PATHS = "$(inherited) @executable_path/Frameworks";
				PRODUCT_BUNDLE_IDENTIFIER = "com.shijie.selector-demo";
				PRODUCT_NAME = "$(TARGET_NAME)";
			};
			name = Debug;
		};
		CB0070831EF9F1DD00F1625E /* Release */ = {
			isa = XCBuildConfiguration;
			buildSettings = {
				ASSETCATALOG_COMPILER_APPICON_NAME = AppIcon;
				INFOPLIST_FILE = selector_demo/Info.plist;
				LD_RUNPATH_SEARCH_PATHS = "$(inherited) @executable_path/Frameworks";
				PRODUCT_BUNDLE_IDENTIFIER = "com.shijie.selector-demo";
				PRODUCT_NAME = "$(TARGET_NAME)";
			};
			name = Release;
		};
		CB0070851EF9F1DD00F1625E /* Debug */ = {
			isa = XCBuildConfiguration;
			buildSettings = {
				BUNDLE_LOADER = "$(TEST_HOST)";
				INFOPLIST_FILE = selector_demoTests/Info.plist;
				LD_RUNPATH_SEARCH_PATHS = "$(inherited) @executable_path/Frameworks @loader_path/Frameworks";
				PRODUCT_BUNDLE_IDENTIFIER = "com.shijie.selector-demoTests";
				PRODUCT_NAME = "$(TARGET_NAME)";
				TEST_HOST = "$(BUILT_PRODUCTS_DIR)/selector_demo.app/selector_demo";
			};
			name = Debug;
		};
		CB0070861EF9F1DD00F1625E /* Release */ = {
			isa = XCBuildConfiguration;
			buildSettings = {
				BUNDLE_LOADER = "$(TEST_HOST)";
				INFOPLIST_FILE = selector_demoTests/Info.plist;
				LD_RUNPATH_SEARCH_PATHS = "$(inherited) @executable_path/Frameworks @loader_path/Frameworks";
				PRODUCT_BUNDLE_IDENTIFIER = "com.shijie.selector-demoTests";
				PRODUCT_NAME = "$(TARGET_NAME)";
				TEST_HOST = "$(BUILT_PRODUCTS_DIR)/selector_demo.app/selector_demo";
			};
			name = Release;
		};
		CB0070881EF9F1DD00F1625E /* Debug */ = {
			isa = XCBuildConfiguration;
			buildSettings = {
				INFOPLIST_FILE = selector_demoUITests/Info.plist;
				LD_RUNPATH_SEARCH_PATHS = "$(inherited) @executable_path/Frameworks @loader_path/Frameworks";
				PRODUCT_BUNDLE_IDENTIFIER = "com.shijie.selector-demoUITests";
				PRODUCT_NAME = "$(TARGET_NAME)";
				TEST_TARGET_NAME = selector_demo;
			};
			name = Debug;
		};
		CB0070891EF9F1DD00F1625E /* Release */ = {
			isa = XCBuildConfiguration;
			buildSettings = {
				INFOPLIST_FILE = selector_demoUITests/Info.plist;
				LD_RUNPATH_SEARCH_PATHS = "$(inherited) @executable_path/Frameworks @loader_path/Frameworks";
				PRODUCT_BUNDLE_IDENTIFIER = "com.shijie.selector-demoUITests";
				PRODUCT_NAME = "$(TARGET_NAME)";
				TEST_TARGET_NAME = selector_demo;
			};
			name = Release;
		};
/* End XCBuildConfiguration section */

/* Begin XCConfigurationList section */
		CB00704F1EF9F1DD00F1625E /* Build configuration list for PBXProject "selector_demo" */ = {
			isa = XCConfigurationList;
			buildConfigurations = (
				CB00707F1EF9F1DD00F1625E /* Debug */,
				CB0070801EF9F1DD00F1625E /* Release */,
			);
			defaultConfigurationIsVisible = 0;
			defaultConfigurationName = Release;
		};
		CB0070811EF9F1DD00F1625E /* Build configuration list for PBXNativeTarget "selector_demo" */ = {
			isa = XCConfigurationList;
			buildConfigurations = (
				CB0070821EF9F1DD00F1625E /* Debug */,
				CB0070831EF9F1DD00F1625E /* Release */,
			);
			defaultConfigurationIsVisible = 0;
		};
		CB0070841EF9F1DD00F1625E /* Build configuration list for PBXNativeTarget "selector_demoTests" */ = {
			isa = XCConfigurationList;
			buildConfigurations = (
				CB0070851EF9F1DD00F1625E /* Debug */,
				CB0070861EF9F1DD00F1625E /* Release */,
			);
			defaultConfigurationIsVisible = 0;
		};
		CB0070871EF9F1DD00F1625E /* Build configuration list for PBXNativeTarget "selector_demoUITests" */ = {
			isa = XCConfigurationList;
			buildConfigurations = (
				CB0070881EF9F1DD00F1625E /* Debug */,
				CB0070891EF9F1DD00F1625E /* Release */,
			);
			defaultConfigurationIsVisible = 0;
		};
/* End XCConfigurationList section */
	};
	rootObject = CB00704C1EF9F1DD00F1625E /* Project object */;
}
