// !$*UTF8*$!
{
	archiveVersion = 1;
	classes = {
	};
	objectVersion = 46;
	objects = {

/* Begin PBXBuildFile section */
		CB3630CD1EBAF6150036D31D /* main.m in Sources */ = {isa = PBXBuildFile; fileRef = CB3630CC1EBAF6150036D31D /* main.m */; };
		CB3630D01EBAF6150036D31D /* AppDelegate.m in Sources */ = {isa = PBXBuildFile; fileRef = CB3630CF1EBAF6150036D31D /* AppDelegate.m */; };
		CB3630D31EBAF6150036D31D /* ViewController.m in Sources */ = {isa = PBXBuildFile; fileRef = CB3630D21EBAF6150036D31D /* ViewController.m */; };
		CB3630D61EBAF6150036D31D /* Main.storyboard in Resources */ = {isa = PBXBuildFile; fileRef = CB3630D41EBAF6150036D31D /* Main.storyboard */; };
		CB3630D81EBAF6150036D31D /* Assets.xcassets in Resources */ = {isa = PBXBuildFile; fileRef = CB3630D71EBAF6150036D31D /* Assets.xcassets */; };
		CB3630DB1EBAF6150036D31D /* LaunchScreen.storyboard in Resources */ = {isa = PBXBuildFile; fileRef = CB3630D91EBAF6150036D31D /* LaunchScreen.storyboard */; };
		CB3630E61EBAF6150036D31D /* _21___isa_swizzle_demoTests.m in Sources */ = {isa = PBXBuildFile; fileRef = CB3630E51EBAF6150036D31D /* _21___isa_swizzle_demoTests.m */; };
		CB3630F11EBAF6150036D31D /* _21___isa_swizzle_demoUITests.m in Sources */ = {isa = PBXBuildFile; fileRef = CB3630F01EBAF6150036D31D /* _21___isa_swizzle_demoUITests.m */; };
		CB3631001EBAF6230036D31D /* Person.m in Sources */ = {isa = PBXBuildFile; fileRef = CB3630FF1EBAF6230036D31D /* Person.m */; };
		CB3631031EBAF62C0036D31D /* Student.m in Sources */ = {isa = PBXBuildFile; fileRef = CB3631021EBAF62C0036D31D /* Student.m */; };
/* End PBXBuildFile section */

/* Begin PBXContainerItemProxy section */
		CB3630E21EBAF6150036D31D /* PBXContainerItemProxy */ = {
			isa = PBXContainerItemProxy;
			containerPortal = CB3630C01EBAF6150036D31D /* Project object */;
			proxyType = 1;
			remoteGlobalIDString = CB3630C71EBAF6150036D31D;
			remoteInfo = "[21]. isa_swizzle_demo";
		};
		CB3630ED1EBAF6150036D31D /* PBXContainerItemProxy */ = {
			isa = PBXContainerItemProxy;
			containerPortal = CB3630C01EBAF6150036D31D /* Project object */;
			proxyType = 1;
			remoteGlobalIDString = CB3630C71EBAF6150036D31D;
			remoteInfo = "[21]. isa_swizzle_demo";
		};
/* End PBXContainerItemProxy section */

/* Begin PBXFileReference section */
		CB3630C81EBAF6150036D31D /* [21]. isa_swizzle_demo.app */ = {isa = PBXFileReference; explicitFileType = wrapper.application; includeInIndex = 0; path = "[21]. isa_swizzle_demo.app"; sourceTree = BUILT_PRODUCTS_DIR; };
		CB3630CC1EBAF6150036D31D /* main.m */ = {isa = PBXFileReference; lastKnownFileType = sourcecode.c.objc; path = main.m; sourceTree = "<group>"; };
		CB3630CE1EBAF6150036D31D /* AppDelegate.h */ = {isa = PBXFileReference; lastKnownFileType = sourcecode.c.h; path = AppDelegate.h; sourceTree = "<group>"; };
		CB3630CF1EBAF6150036D31D /* AppDelegate.m */ = {isa = PBXFileReference; lastKnownFileType = sourcecode.c.objc; path = AppDelegate.m; sourceTree = "<group>"; };
		CB3630D11EBAF6150036D31D /* ViewController.h */ = {isa = PBXFileReference; lastKnownFileType = sourcecode.c.h; path = ViewController.h; sourceTree = "<group>"; };
		CB3630D21EBAF6150036D31D /* ViewController.m */ = {isa = PBXFileReference; lastKnownFileType = sourcecode.c.objc; path = ViewController.m; sourceTree = "<group>"; };
		CB3630D51EBAF6150036D31D /* Base */ = {isa = PBXFileReference; lastKnownFileType = file.storyboard; name = Base; path = Base.lproj/Main.storyboard; sourceTree = "<group>"; };
		CB3630D71EBAF6150036D31D /* Assets.xcassets */ = {isa = PBXFileReference; lastKnownFileType = folder.assetcatalog; path = Assets.xcassets; sourceTree = "<group>"; };
		CB3630DA1EBAF6150036D31D /* Base */ = {isa = PBXFileReference; lastKnownFileType = file.storyboard; name = Base; path = Base.lproj/LaunchScreen.storyboard; sourceTree = "<group>"; };
		CB3630DC1EBAF6150036D31D /* Info.plist */ = {isa = PBXFileReference; lastKnownFileType = text.plist.xml; path = Info.plist; sourceTree = "<group>"; };
		CB3630E11EBAF6150036D31D /* [21]. isa_swizzle_demoTests.xctest */ = {isa = PBXFileReference; explicitFileType = wrapper.cfbundle; includeInIndex = 0; path = "[21]. isa_swizzle_demoTests.xctest"; sourceTree = BUILT_PRODUCTS_DIR; };
		CB3630E51EBAF6150036D31D /* _21___isa_swizzle_demoTests.m */ = {isa = PBXFileReference; lastKnownFileType = sourcecode.c.objc; path = "_21___isa_swizzle_demoTests.m"; sourceTree = "<group>"; };
		CB3630E71EBAF6150036D31D /* Info.plist */ = {isa = PBXFileReference; lastKnownFileType = text.plist.xml; path = Info.plist; sourceTree = "<group>"; };
		CB3630EC1EBAF6150036D31D /* [21]. isa_swizzle_demoUITests.xctest */ = {isa = PBXFileReference; explicitFileType = wrapper.cfbundle; includeInIndex = 0; path = "[21]. isa_swizzle_demoUITests.xctest"; sourceTree = BUILT_PRODUCTS_DIR; };
		CB3630F01EBAF6150036D31D /* _21___isa_swizzle_demoUITests.m */ = {isa = PBXFileReference; lastKnownFileType = sourcecode.c.objc; path = "_21___isa_swizzle_demoUITests.m"; sourceTree = "<group>"; };
		CB3630F21EBAF6150036D31D /* Info.plist */ = {isa = PBXFileReference; lastKnownFileType = text.plist.xml; path = Info.plist; sourceTree = "<group>"; };
		CB3630FE1EBAF6230036D31D /* Person.h */ = {isa = PBXFileReference; fileEncoding = 4; lastKnownFileType = sourcecode.c.h; path = Person.h; sourceTree = "<group>"; };
		CB3630FF1EBAF6230036D31D /* Person.m */ = {isa = PBXFileReference; fileEncoding = 4; lastKnownFileType = sourcecode.c.objc; path = Person.m; sourceTree = "<group>"; };
		CB3631011EBAF62C0036D31D /* Student.h */ = {isa = PBXFileReference; fileEncoding = 4; lastKnownFileType = sourcecode.c.h; path = Student.h; sourceTree = "<group>"; };
		CB3631021EBAF62C0036D31D /* Student.m */ = {isa = PBXFileReference; fileEncoding = 4; lastKnownFileType = sourcecode.c.objc; path = Student.m; sourceTree = "<group>"; };
/* End PBXFileReference section */

/* Begin PBXFrameworksBuildPhase section */
		CB3630C51EBAF6150036D31D /* Frameworks */ = {
			isa = PBXFrameworksBuildPhase;
			buildActionMask = 2147483647;
			files = (
			);
			runOnlyForDeploymentPostprocessing = 0;
		};
		CB3630DE1EBAF6150036D31D /* Frameworks */ = {
			isa = PBXFrameworksBuildPhase;
			buildActionMask = 2147483647;
			files = (
			);
			runOnlyForDeploymentPostprocessing = 0;
		};
		CB3630E91EBAF6150036D31D /* Frameworks */ = {
			isa = PBXFrameworksBuildPhase;
			buildActionMask = 2147483647;
			files = (
			);
			runOnlyForDeploymentPostprocessing = 0;
		};
/* End PBXFrameworksBuildPhase section */

/* Begin PBXGroup section */
		CB3630BF1EBAF6150036D31D = {
			isa = PBXGroup;
			children = (
				CB3630CA1EBAF6150036D31D /* [21]. isa_swizzle_demo */,
				CB3630E41EBAF6150036D31D /* [21]. isa_swizzle_demoTests */,
				CB3630EF1EBAF6150036D31D /* [21]. isa_swizzle_demoUITests */,
				CB3630C91EBAF6150036D31D /* Products */,
			);
			sourceTree = "<group>";
		};
		CB3630C91EBAF6150036D31D /* Products */ = {
			isa = PBXGroup;
			children = (
				CB3630C81EBAF6150036D31D /* [21]. isa_swizzle_demo.app */,
				CB3630E11EBAF6150036D31D /* [21]. isa_swizzle_demoTests.xctest */,
				CB3630EC1EBAF6150036D31D /* [21]. isa_swizzle_demoUITests.xctest */,
			);
			name = Products;
			sourceTree = "<group>";
		};
		CB3630CA1EBAF6150036D31D /* [21]. isa_swizzle_demo */ = {
			isa = PBXGroup;
			children = (
				CB3630CE1EBAF6150036D31D /* AppDelegate.h */,
				CB3630CF1EBAF6150036D31D /* AppDelegate.m */,
				CB3630D11EBAF6150036D31D /* ViewController.h */,
				CB3630D21EBAF6150036D31D /* ViewController.m */,
				CB3630FE1EBAF6230036D31D /* Person.h */,
				CB3630FF1EBAF6230036D31D /* Person.m */,
				CB3631011EBAF62C0036D31D /* Student.h */,
				CB3631021EBAF62C0036D31D /* Student.m */,
				CB3630D41EBAF6150036D31D /* Main.storyboard */,
				CB3630D71EBAF6150036D31D /* Assets.xcassets */,
				CB3630D91EBAF6150036D31D /* LaunchScreen.storyboard */,
				CB3630DC1EBAF6150036D31D /* Info.plist */,
				CB3630CB1EBAF6150036D31D /* Supporting Files */,
			);
			path = "[21]. isa_swizzle_demo";
			sourceTree = "<group>";
		};
		CB3630CB1EBAF6150036D31D /* Supporting Files */ = {
			isa = PBXGroup;
			children = (
				CB3630CC1EBAF6150036D31D /* main.m */,
			);
			name = "Supporting Files";
			sourceTree = "<group>";
		};
		CB3630E41EBAF6150036D31D /* [21]. isa_swizzle_demoTests */ = {
			isa = PBXGroup;
			children = (
				CB3630E51EBAF6150036D31D /* _21___isa_swizzle_demoTests.m */,
				CB3630E71EBAF6150036D31D /* Info.plist */,
			);
			path = "[21]. isa_swizzle_demoTests";
			sourceTree = "<group>";
		};
		CB3630EF1EBAF6150036D31D /* [21]. isa_swizzle_demoUITests */ = {
			isa = PBXGroup;
			children = (
				CB3630F01EBAF6150036D31D /* _21___isa_swizzle_demoUITests.m */,
				CB3630F21EBAF6150036D31D /* Info.plist */,
			);
			path = "[21]. isa_swizzle_demoUITests";
			sourceTree = "<group>";
		};
/* End PBXGroup section */

/* Begin PBXNativeTarget section */
		CB3630C71EBAF6150036D31D /* [21]. isa_swizzle_demo */ = {
			isa = PBXNativeTarget;
			buildConfigurationList = CB3630F51EBAF6150036D31D /* Build configuration list for PBXNativeTarget "[21]. isa_swizzle_demo" */;
			buildPhases = (
				CB3630C41EBAF6150036D31D /* Sources */,
				CB3630C51EBAF6150036D31D /* Frameworks */,
				CB3630C61EBAF6150036D31D /* Resources */,
			);
			buildRules = (
			);
			dependencies = (
			);
			name = "[21]. isa_swizzle_demo";
			productName = "[21]. isa_swizzle_demo";
			productReference = CB3630C81EBAF6150036D31D /* [21]. isa_swizzle_demo.app */;
			productType = "com.apple.product-type.application";
		};
		CB3630E01EBAF6150036D31D /* [21]. isa_swizzle_demoTests */ = {
			isa = PBXNativeTarget;
			buildConfigurationList = CB3630F81EBAF6150036D31D /* Build configuration list for PBXNativeTarget "[21]. isa_swizzle_demoTests" */;
			buildPhases = (
				CB3630DD1EBAF6150036D31D /* Sources */,
				CB3630DE1EBAF6150036D31D /* Frameworks */,
				CB3630DF1EBAF6150036D31D /* Resources */,
			);
			buildRules = (
			);
			dependencies = (
				CB3630E31EBAF6150036D31D /* PBXTargetDependency */,
			);
			name = "[21]. isa_swizzle_demoTests";
			productName = "[21]. isa_swizzle_demoTests";
			productReference = CB3630E11EBAF6150036D31D /* [21]. isa_swizzle_demoTests.xctest */;
			productType = "com.apple.product-type.bundle.unit-test";
		};
		CB3630EB1EBAF6150036D31D /* [21]. isa_swizzle_demoUITests */ = {
			isa = PBXNativeTarget;
			buildConfigurationList = CB3630FB1EBAF6150036D31D /* Build configuration list for PBXNativeTarget "[21]. isa_swizzle_demoUITests" */;
			buildPhases = (
				CB3630E81EBAF6150036D31D /* Sources */,
				CB3630E91EBAF6150036D31D /* Frameworks */,
				CB3630EA1EBAF6150036D31D /* Resources */,
			);
			buildRules = (
			);
			dependencies = (
				CB3630EE1EBAF6150036D31D /* PBXTargetDependency */,
			);
			name = "[21]. isa_swizzle_demoUITests";
			productName = "[21]. isa_swizzle_demoUITests";
			productReference = CB3630EC1EBAF6150036D31D /* [21]. isa_swizzle_demoUITests.xctest */;
			productType = "com.apple.product-type.bundle.ui-testing";
		};
/* End PBXNativeTarget section */

/* Begin PBXProject section */
		CB3630C01EBAF6150036D31D /* Project object */ = {
			isa = PBXProject;
			attributes = {
				LastUpgradeCheck = 0820;
				ORGANIZATIONNAME = Shijie;
				TargetAttributes = {
					CB3630C71EBAF6150036D31D = {
						CreatedOnToolsVersion = 8.2;
						ProvisioningStyle = Automatic;
					};
					CB3630E01EBAF6150036D31D = {
						CreatedOnToolsVersion = 8.2;
						ProvisioningStyle = Automatic;
						TestTargetID = CB3630C71EBAF6150036D31D;
					};
					CB3630EB1EBAF6150036D31D = {
						CreatedOnToolsVersion = 8.2;
						ProvisioningStyle = Automatic;
						TestTargetID = CB3630C71EBAF6150036D31D;
					};
				};
			};
			buildConfigurationList = CB3630C31EBAF6150036D31D /* Build configuration list for PBXProject "[21]. isa_swizzle_demo" */;
			compatibilityVersion = "Xcode 3.2";
			developmentRegion = English;
			hasScannedForEncodings = 0;
			knownRegions = (
				en,
				Base,
			);
			mainGroup = CB3630BF1EBAF6150036D31D;
			productRefGroup = CB3630C91EBAF6150036D31D /* Products */;
			projectDirPath = "";
			projectRoot = "";
			targets = (
				CB3630C71EBAF6150036D31D /* [21]. isa_swizzle_demo */,
				CB3630E01EBAF6150036D31D /* [21]. isa_swizzle_demoTests */,
				CB3630EB1EBAF6150036D31D /* [21]. isa_swizzle_demoUITests */,
			);
		};
/* End PBXProject section */

/* Begin PBXResourcesBuildPhase section */
		CB3630C61EBAF6150036D31D /* Resources */ = {
			isa = PBXResourcesBuildPhase;
			buildActionMask = 2147483647;
			files = (
				CB3630DB1EBAF6150036D31D /* LaunchScreen.storyboard in Resources */,
				CB3630D81EBAF6150036D31D /* Assets.xcassets in Resources */,
				CB3630D61EBAF6150036D31D /* Main.storyboard in Resources */,
			);
			runOnlyForDeploymentPostprocessing = 0;
		};
		CB3630DF1EBAF6150036D31D /* Resources */ = {
			isa = PBXResourcesBuildPhase;
			buildActionMask = 2147483647;
			files = (
			);
			runOnlyForDeploymentPostprocessing = 0;
		};
		CB3630EA1EBAF6150036D31D /* Resources */ = {
			isa = PBXResourcesBuildPhase;
			buildActionMask = 2147483647;
			files = (
			);
			runOnlyForDeploymentPostprocessing = 0;
		};
/* End PBXResourcesBuildPhase section */

/* Begin PBXSourcesBuildPhase section */
		CB3630C41EBAF6150036D31D /* Sources */ = {
			isa = PBXSourcesBuildPhase;
			buildActionMask = 2147483647;
			files = (
				CB3630D31EBAF6150036D31D /* ViewController.m in Sources */,
				CB3630D01EBAF6150036D31D /* AppDelegate.m in Sources */,
				CB3631031EBAF62C0036D31D /* Student.m in Sources */,
				CB3631001EBAF6230036D31D /* Person.m in Sources */,
				CB3630CD1EBAF6150036D31D /* main.m in Sources */,
			);
			runOnlyForDeploymentPostprocessing = 0;
		};
		CB3630DD1EBAF6150036D31D /* Sources */ = {
			isa = PBXSourcesBuildPhase;
			buildActionMask = 2147483647;
			files = (
				CB3630E61EBAF6150036D31D /* _21___isa_swizzle_demoTests.m in Sources */,
			);
			runOnlyForDeploymentPostprocessing = 0;
		};
		CB3630E81EBAF6150036D31D /* Sources */ = {
			isa = PBXSourcesBuildPhase;
			buildActionMask = 2147483647;
			files = (
				CB3630F11EBAF6150036D31D /* _21___isa_swizzle_demoUITests.m in Sources */,
			);
			runOnlyForDeploymentPostprocessing = 0;
		};
/* End PBXSourcesBuildPhase section */

/* Begin PBXTargetDependency section */
		CB3630E31EBAF6150036D31D /* PBXTargetDependency */ = {
			isa = PBXTargetDependency;
			target = CB3630C71EBAF6150036D31D /* [21]. isa_swizzle_demo */;
			targetProxy = CB3630E21EBAF6150036D31D /* PBXContainerItemProxy */;
		};
		CB3630EE1EBAF6150036D31D /* PBXTargetDependency */ = {
			isa = PBXTargetDependency;
			target = CB3630C71EBAF6150036D31D /* [21]. isa_swizzle_demo */;
			targetProxy = CB3630ED1EBAF6150036D31D /* PBXContainerItemProxy */;
		};
/* End PBXTargetDependency section */

/* Begin PBXVariantGroup section */
		CB3630D41EBAF6150036D31D /* Main.storyboard */ = {
			isa = PBXVariantGroup;
			children = (
				CB3630D51EBAF6150036D31D /* Base */,
			);
			name = Main.storyboard;
			sourceTree = "<group>";
		};
		CB3630D91EBAF6150036D31D /* LaunchScreen.storyboard */ = {
			isa = PBXVariantGroup;
			children = (
				CB3630DA1EBAF6150036D31D /* Base */,
			);
			name = LaunchScreen.storyboard;
			sourceTree = "<group>";
		};
/* End PBXVariantGroup section */

/* Begin XCBuildConfiguration section */
		CB3630F31EBAF6150036D31D /* Debug */ = {
			isa = XCBuildConfiguration;
			buildSettings = {
				ALWAYS_SEARCH_USER_PATHS = NO;
				CLANG_ANALYZER_NONNULL = YES;
				CLANG_CXX_LANGUAGE_STANDARD = "gnu++0x";
				CLANG_CXX_LIBRARY = "libc++";
				CLANG_ENABLE_MODULES = YES;
				CLANG_ENABLE_OBJC_ARC = YES;
				CLANG_WARN_BOOL_CONVERSION = YES;
				CLANG_WARN_CONSTANT_CONVERSION = YES;
				CLANG_WARN_DIRECT_OBJC_ISA_USAGE = YES_ERROR;
				CLANG_WARN_DOCUMENTATION_COMMENTS = YES;
				CLANG_WARN_EMPTY_BODY = YES;
				CLANG_WARN_ENUM_CONVERSION = YES;
				CLANG_WARN_INFINITE_RECURSION = YES;
				CLANG_WARN_INT_CONVERSION = YES;
				CLANG_WARN_OBJC_ROOT_CLASS = YES_ERROR;
				CLANG_WARN_SUSPICIOUS_MOVE = YES;
				CLANG_WARN_UNREACHABLE_CODE = YES;
				CLANG_WARN__DUPLICATE_METHOD_MATCH = YES;
				"CODE_SIGN_IDENTITY[sdk=iphoneos*]" = "iPhone Developer";
				COPY_PHASE_STRIP = NO;
				DEBUG_INFORMATION_FORMAT = dwarf;
				ENABLE_STRICT_OBJC_MSGSEND = YES;
				ENABLE_TESTABILITY = YES;
				GCC_C_LANGUAGE_STANDARD = gnu99;
				GCC_DYNAMIC_NO_PIC = NO;
				GCC_NO_COMMON_BLOCKS = YES;
				GCC_OPTIMIZATION_LEVEL = 0;
				GCC_PREPROCESSOR_DEFINITIONS = (
					"DEBUG=1",
					"$(inherited)",
				);
				GCC_WARN_64_TO_32_BIT_CONVERSION = YES;
				GCC_WARN_ABOUT_RETURN_TYPE = YES_ERROR;
				GCC_WARN_UNDECLARED_SELECTOR = YES;
				GCC_WARN_UNINITIALIZED_AUTOS = YES_AGGRESSIVE;
				GCC_WARN_UNUSED_FUNCTION = YES;
				GCC_WARN_UNUSED_VARIABLE = YES;
				IPHONEOS_DEPLOYMENT_TARGET = 10.2;
				MTL_ENABLE_DEBUG_INFO = YES;
				ONLY_ACTIVE_ARCH = YES;
				SDKROOT = iphoneos;
			};
			name = Debug;
		};
		CB3630F41EBAF6150036D31D /* Release */ = {
			isa = XCBuildConfiguration;
			buildSettings = {
				ALWAYS_SEARCH_USER_PATHS = NO;
				CLANG_ANALYZER_NONNULL = YES;
				CLANG_CXX_LANGUAGE_STANDARD = "gnu++0x";
				CLANG_CXX_LIBRARY = "libc++";
				CLANG_ENABLE_MODULES = YES;
				CLANG_ENABLE_OBJC_ARC = YES;
				CLANG_WARN_BOOL_CONVERSION = YES;
				CLANG_WARN_CONSTANT_CONVERSION = YES;
				CLANG_WARN_DIRECT_OBJC_ISA_USAGE = YES_ERROR;
				CLANG_WARN_DOCUMENTATION_COMMENTS = YES;
				CLANG_WARN_EMPTY_BODY = YES;
				CLANG_WARN_ENUM_CONVERSION = YES;
				CLANG_WARN_INFINITE_RECURSION = YES;
				CLANG_WARN_INT_CONVERSION = YES;
				CLANG_WARN_OBJC_ROOT_CLASS = YES_ERROR;
				CLANG_WARN_SUSPICIOUS_MOVE = YES;
				CLANG_WARN_UNREACHABLE_CODE = YES;
				CLANG_WARN__DUPLICATE_METHOD_MATCH = YES;
				"CODE_SIGN_IDENTITY[sdk=iphoneos*]" = "iPhone Developer";
				COPY_PHASE_STRIP = NO;
				DEBUG_INFORMATION_FORMAT = "dwarf-with-dsym";
				ENABLE_NS_ASSERTIONS = NO;
				ENABLE_STRICT_OBJC_MSGSEND = YES;
				GCC_C_LANGUAGE_STANDARD = gnu99;
				GCC_NO_COMMON_BLOCKS = YES;
				GCC_WARN_64_TO_32_BIT_CONVERSION = YES;
				GCC_WARN_ABOUT_RETURN_TYPE = YES_ERROR;
				GCC_WARN_UNDECLARED_SELECTOR = YES;
				GCC_WARN_UNINITIALIZED_AUTOS = YES_AGGRESSIVE;
				GCC_WARN_UNUSED_FUNCTION = YES;
				GCC_WARN_UNUSED_VARIABLE = YES;
				IPHONEOS_DEPLOYMENT_TARGET = 10.2;
				MTL_ENABLE_DEBUG_INFO = NO;
				SDKROOT = iphoneos;
				VALIDATE_PRODUCT = YES;
			};
			name = Release;
		};
		CB3630F61EBAF6150036D31D /* Debug */ = {
			isa = XCBuildConfiguration;
			buildSettings = {
				ASSETCATALOG_COMPILER_APPICON_NAME = AppIcon;
				INFOPLIST_FILE = "[21]. isa_swizzle_demo/Info.plist";
				LD_RUNPATH_SEARCH_PATHS = "$(inherited) @executable_path/Frameworks";
				PRODUCT_BUNDLE_IDENTIFIER = "com.shijie.-21---isa-swizzle-demo";
				PRODUCT_NAME = "$(TARGET_NAME)";
			};
			name = Debug;
		};
		CB3630F71EBAF6150036D31D /* Release */ = {
			isa = XCBuildConfiguration;
			buildSettings = {
				ASSETCATALOG_COMPILER_APPICON_NAME = AppIcon;
				INFOPLIST_FILE = "[21]. isa_swizzle_demo/Info.plist";
				LD_RUNPATH_SEARCH_PATHS = "$(inherited) @executable_path/Frameworks";
				PRODUCT_BUNDLE_IDENTIFIER = "com.shijie.-21---isa-swizzle-demo";
				PRODUCT_NAME = "$(TARGET_NAME)";
			};
			name = Release;
		};
		CB3630F91EBAF6150036D31D /* Debug */ = {
			isa = XCBuildConfiguration;
			buildSettings = {
				BUNDLE_LOADER = "$(TEST_HOST)";
				INFOPLIST_FILE = "[21]. isa_swizzle_demoTests/Info.plist";
				LD_RUNPATH_SEARCH_PATHS = "$(inherited) @executable_path/Frameworks @loader_path/Frameworks";
				PRODUCT_BUNDLE_IDENTIFIER = "com.shijie.-21---isa-swizzle-demoTests";
				PRODUCT_NAME = "$(TARGET_NAME)";
				TEST_HOST = "$(BUILT_PRODUCTS_DIR)/[21]. isa_swizzle_demo.app/[21]. isa_swizzle_demo";
			};
			name = Debug;
		};
		CB3630FA1EBAF6150036D31D /* Release */ = {
			isa = XCBuildConfiguration;
			buildSettings = {
				BUNDLE_LOADER = "$(TEST_HOST)";
				INFOPLIST_FILE = "[21]. isa_swizzle_demoTests/Info.plist";
				LD_RUNPATH_SEARCH_PATHS = "$(inherited) @executable_path/Frameworks @loader_path/Frameworks";
				PRODUCT_BUNDLE_IDENTIFIER = "com.shijie.-21---isa-swizzle-demoTests";
				PRODUCT_NAME = "$(TARGET_NAME)";
				TEST_HOST = "$(BUILT_PRODUCTS_DIR)/[21]. isa_swizzle_demo.app/[21]. isa_swizzle_demo";
			};
			name = Release;
		};
		CB3630FC1EBAF6150036D31D /* Debug */ = {
			isa = XCBuildConfiguration;
			buildSettings = {
				INFOPLIST_FILE = "[21]. isa_swizzle_demoUITests/Info.plist";
				LD_RUNPATH_SEARCH_PATHS = "$(inherited) @executable_path/Frameworks @loader_path/Frameworks";
				PRODUCT_BUNDLE_IDENTIFIER = "com.shijie.-21---isa-swizzle-demoUITests";
				PRODUCT_NAME = "$(TARGET_NAME)";
				TEST_TARGET_NAME = "[21]. isa_swizzle_demo";
			};
			name = Debug;
		};
		CB3630FD1EBAF6150036D31D /* Release */ = {
			isa = XCBuildConfiguration;
			buildSettings = {
				INFOPLIST_FILE = "[21]. isa_swizzle_demoUITests/Info.plist";
				LD_RUNPATH_SEARCH_PATHS = "$(inherited) @executable_path/Frameworks @loader_path/Frameworks";
				PRODUCT_BUNDLE_IDENTIFIER = "com.shijie.-21---isa-swizzle-demoUITests";
				PRODUCT_NAME = "$(TARGET_NAME)";
				TEST_TARGET_NAME = "[21]. isa_swizzle_demo";
			};
			name = Release;
		};
/* End XCBuildConfiguration section */

/* Begin XCConfigurationList section */
		CB3630C31EBAF6150036D31D /* Build configuration list for PBXProject "[21]. isa_swizzle_demo" */ = {
			isa = XCConfigurationList;
			buildConfigurations = (
				CB3630F31EBAF6150036D31D /* Debug */,
				CB3630F41EBAF6150036D31D /* Release */,
			);
			defaultConfigurationIsVisible = 0;
			defaultConfigurationName = Release;
		};
		CB3630F51EBAF6150036D31D /* Build configuration list for PBXNativeTarget "[21]. isa_swizzle_demo" */ = {
			isa = XCConfigurationList;
			buildConfigurations = (
				CB3630F61EBAF6150036D31D /* Debug */,
				CB3630F71EBAF6150036D31D /* Release */,
			);
			defaultConfigurationIsVisible = 0;
		};
		CB3630F81EBAF6150036D31D /* Build configuration list for PBXNativeTarget "[21]. isa_swizzle_demoTests" */ = {
			isa = XCConfigurationList;
			buildConfigurations = (
				CB3630F91EBAF6150036D31D /* Debug */,
				CB3630FA1EBAF6150036D31D /* Release */,
			);
			defaultConfigurationIsVisible = 0;
		};
		CB3630FB1EBAF6150036D31D /* Build configuration list for PBXNativeTarget "[21]. isa_swizzle_demoUITests" */ = {
			isa = XCConfigurationList;
			buildConfigurations = (
				CB3630FC1EBAF6150036D31D /* Debug */,
				CB3630FD1EBAF6150036D31D /* Release */,
			);
			defaultConfigurationIsVisible = 0;
		};
/* End XCConfigurationList section */
	};
	rootObject = CB3630C01EBAF6150036D31D /* Project object */;
}
