// !$*UTF8*$!
{
	archiveVersion = 1;
	classes = {
	};
	objectVersion = 46;
	objects = {

/* Begin PBXBuildFile section */
		CBDD86951F0641E0004E3166 /* main.m in Sources */ = {isa = PBXBuildFile; fileRef = CBDD86941F0641E0004E3166 /* main.m */; };
		CBDD86981F0641E0004E3166 /* AppDelegate.m in Sources */ = {isa = PBXBuildFile; fileRef = CBDD86971F0641E0004E3166 /* AppDelegate.m */; };
		CBDD869B1F0641E0004E3166 /* ViewController.m in Sources */ = {isa = PBXBuildFile; fileRef = CBDD869A1F0641E0004E3166 /* ViewController.m */; };
		CBDD869E1F0641E0004E3166 /* Main.storyboard in Resources */ = {isa = PBXBuildFile; fileRef = CBDD869C1F0641E0004E3166 /* Main.storyboard */; };
		CBDD86A01F0641E0004E3166 /* Assets.xcassets in Resources */ = {isa = PBXBuildFile; fileRef = CBDD869F1F0641E0004E3166 /* Assets.xcassets */; };
		CBDD86A31F0641E0004E3166 /* LaunchScreen.storyboard in Resources */ = {isa = PBXBuildFile; fileRef = CBDD86A11F0641E0004E3166 /* LaunchScreen.storyboard */; };
		CBDD86AE1F0641E0004E3166 /* pick_demoTests.m in Sources */ = {isa = PBXBuildFile; fileRef = CBDD86AD1F0641E0004E3166 /* pick_demoTests.m */; };
		CBDD86B91F0641E0004E3166 /* pick_demoUITests.m in Sources */ = {isa = PBXBuildFile; fileRef = CBDD86B81F0641E0004E3166 /* pick_demoUITests.m */; };
/* End PBXBuildFile section */

/* Begin PBXContainerItemProxy section */
		CBDD86AA1F0641E0004E3166 /* PBXContainerItemProxy */ = {
			isa = PBXContainerItemProxy;
			containerPortal = CBDD86881F0641E0004E3166 /* Project object */;
			proxyType = 1;
			remoteGlobalIDString = CBDD868F1F0641E0004E3166;
			remoteInfo = pick_demo;
		};
		CBDD86B51F0641E0004E3166 /* PBXContainerItemProxy */ = {
			isa = PBXContainerItemProxy;
			containerPortal = CBDD86881F0641E0004E3166 /* Project object */;
			proxyType = 1;
			remoteGlobalIDString = CBDD868F1F0641E0004E3166;
			remoteInfo = pick_demo;
		};
/* End PBXContainerItemProxy section */

/* Begin PBXFileReference section */
		CBDD86901F0641E0004E3166 /* pick_demo.app */ = {isa = PBXFileReference; explicitFileType = wrapper.application; includeInIndex = 0; path = pick_demo.app; sourceTree = BUILT_PRODUCTS_DIR; };
		CBDD86941F0641E0004E3166 /* main.m */ = {isa = PBXFileReference; lastKnownFileType = sourcecode.c.objc; path = main.m; sourceTree = "<group>"; };
		CBDD86961F0641E0004E3166 /* AppDelegate.h */ = {isa = PBXFileReference; lastKnownFileType = sourcecode.c.h; path = AppDelegate.h; sourceTree = "<group>"; };
		CBDD86971F0641E0004E3166 /* AppDelegate.m */ = {isa = PBXFileReference; lastKnownFileType = sourcecode.c.objc; path = AppDelegate.m; sourceTree = "<group>"; };
		CBDD86991F0641E0004E3166 /* ViewController.h */ = {isa = PBXFileReference; lastKnownFileType = sourcecode.c.h; path = ViewController.h; sourceTree = "<group>"; };
		CBDD869A1F0641E0004E3166 /* ViewController.m */ = {isa = PBXFileReference; lastKnownFileType = sourcecode.c.objc; path = ViewController.m; sourceTree = "<group>"; };
		CBDD869D1F0641E0004E3166 /* Base */ = {isa = PBXFileReference; lastKnownFileType = file.storyboard; name = Base; path = Base.lproj/Main.storyboard; sourceTree = "<group>"; };
		CBDD869F1F0641E0004E3166 /* Assets.xcassets */ = {isa = PBXFileReference; lastKnownFileType = folder.assetcatalog; path = Assets.xcassets; sourceTree = "<group>"; };
		CBDD86A21F0641E0004E3166 /* Base */ = {isa = PBXFileReference; lastKnownFileType = file.storyboard; name = Base; path = Base.lproj/LaunchScreen.storyboard; sourceTree = "<group>"; };
		CBDD86A41F0641E0004E3166 /* Info.plist */ = {isa = PBXFileReference; lastKnownFileType = text.plist.xml; path = Info.plist; sourceTree = "<group>"; };
		CBDD86A91F0641E0004E3166 /* pick_demoTests.xctest */ = {isa = PBXFileReference; explicitFileType = wrapper.cfbundle; includeInIndex = 0; path = pick_demoTests.xctest; sourceTree = BUILT_PRODUCTS_DIR; };
		CBDD86AD1F0641E0004E3166 /* pick_demoTests.m */ = {isa = PBXFileReference; lastKnownFileType = sourcecode.c.objc; path = pick_demoTests.m; sourceTree = "<group>"; };
		CBDD86AF1F0641E0004E3166 /* Info.plist */ = {isa = PBXFileReference; lastKnownFileType = text.plist.xml; path = Info.plist; sourceTree = "<group>"; };
		CBDD86B41F0641E0004E3166 /* pick_demoUITests.xctest */ = {isa = PBXFileReference; explicitFileType = wrapper.cfbundle; includeInIndex = 0; path = pick_demoUITests.xctest; sourceTree = BUILT_PRODUCTS_DIR; };
		CBDD86B81F0641E0004E3166 /* pick_demoUITests.m */ = {isa = PBXFileReference; lastKnownFileType = sourcecode.c.objc; path = pick_demoUITests.m; sourceTree = "<group>"; };
		CBDD86BA1F0641E0004E3166 /* Info.plist */ = {isa = PBXFileReference; lastKnownFileType = text.plist.xml; path = Info.plist; sourceTree = "<group>"; };
/* End PBXFileReference section */

/* Begin PBXFrameworksBuildPhase section */
		CBDD868D1F0641E0004E3166 /* Frameworks */ = {
			isa = PBXFrameworksBuildPhase;
			buildActionMask = 2147483647;
			files = (
			);
			runOnlyForDeploymentPostprocessing = 0;
		};
		CBDD86A61F0641E0004E3166 /* Frameworks */ = {
			isa = PBXFrameworksBuildPhase;
			buildActionMask = 2147483647;
			files = (
			);
			runOnlyForDeploymentPostprocessing = 0;
		};
		CBDD86B11F0641E0004E3166 /* Frameworks */ = {
			isa = PBXFrameworksBuildPhase;
			buildActionMask = 2147483647;
			files = (
			);
			runOnlyForDeploymentPostprocessing = 0;
		};
/* End PBXFrameworksBuildPhase section */

/* Begin PBXGroup section */
		CBDD86871F0641E0004E3166 = {
			isa = PBXGroup;
			children = (
				CBDD86921F0641E0004E3166 /* pick_demo */,
				CBDD86AC1F0641E0004E3166 /* pick_demoTests */,
				CBDD86B71F0641E0004E3166 /* pick_demoUITests */,
				CBDD86911F0641E0004E3166 /* Products */,
			);
			sourceTree = "<group>";
		};
		CBDD86911F0641E0004E3166 /* Products */ = {
			isa = PBXGroup;
			children = (
				CBDD86901F0641E0004E3166 /* pick_demo.app */,
				CBDD86A91F0641E0004E3166 /* pick_demoTests.xctest */,
				CBDD86B41F0641E0004E3166 /* pick_demoUITests.xctest */,
			);
			name = Products;
			sourceTree = "<group>";
		};
		CBDD86921F0641E0004E3166 /* pick_demo */ = {
			isa = PBXGroup;
			children = (
				CBDD86961F0641E0004E3166 /* AppDelegate.h */,
				CBDD86971F0641E0004E3166 /* AppDelegate.m */,
				CBDD86991F0641E0004E3166 /* ViewController.h */,
				CBDD869A1F0641E0004E3166 /* ViewController.m */,
				CBDD869C1F0641E0004E3166 /* Main.storyboard */,
				CBDD869F1F0641E0004E3166 /* Assets.xcassets */,
				CBDD86A11F0641E0004E3166 /* LaunchScreen.storyboard */,
				CBDD86A41F0641E0004E3166 /* Info.plist */,
				CBDD86931F0641E0004E3166 /* Supporting Files */,
			);
			path = pick_demo;
			sourceTree = "<group>";
		};
		CBDD86931F0641E0004E3166 /* Supporting Files */ = {
			isa = PBXGroup;
			children = (
				CBDD86941F0641E0004E3166 /* main.m */,
			);
			name = "Supporting Files";
			sourceTree = "<group>";
		};
		CBDD86AC1F0641E0004E3166 /* pick_demoTests */ = {
			isa = PBXGroup;
			children = (
				CBDD86AD1F0641E0004E3166 /* pick_demoTests.m */,
				CBDD86AF1F0641E0004E3166 /* Info.plist */,
			);
			path = pick_demoTests;
			sourceTree = "<group>";
		};
		CBDD86B71F0641E0004E3166 /* pick_demoUITests */ = {
			isa = PBXGroup;
			children = (
				CBDD86B81F0641E0004E3166 /* pick_demoUITests.m */,
				CBDD86BA1F0641E0004E3166 /* Info.plist */,
			);
			path = pick_demoUITests;
			sourceTree = "<group>";
		};
/* End PBXGroup section */

/* Begin PBXNativeTarget section */
		CBDD868F1F0641E0004E3166 /* pick_demo */ = {
			isa = PBXNativeTarget;
			buildConfigurationList = CBDD86BD1F0641E0004E3166 /* Build configuration list for PBXNativeTarget "pick_demo" */;
			buildPhases = (
				CBDD868C1F0641E0004E3166 /* Sources */,
				CBDD868D1F0641E0004E3166 /* Frameworks */,
				CBDD868E1F0641E0004E3166 /* Resources */,
			);
			buildRules = (
			);
			dependencies = (
			);
			name = pick_demo;
			productName = pick_demo;
			productReference = CBDD86901F0641E0004E3166 /* pick_demo.app */;
			productType = "com.apple.product-type.application";
		};
		CBDD86A81F0641E0004E3166 /* pick_demoTests */ = {
			isa = PBXNativeTarget;
			buildConfigurationList = CBDD86C01F0641E0004E3166 /* Build configuration list for PBXNativeTarget "pick_demoTests" */;
			buildPhases = (
				CBDD86A51F0641E0004E3166 /* Sources */,
				CBDD86A61F0641E0004E3166 /* Frameworks */,
				CBDD86A71F0641E0004E3166 /* Resources */,
			);
			buildRules = (
			);
			dependencies = (
				CBDD86AB1F0641E0004E3166 /* PBXTargetDependency */,
			);
			name = pick_demoTests;
			productName = pick_demoTests;
			productReference = CBDD86A91F0641E0004E3166 /* pick_demoTests.xctest */;
			productType = "com.apple.product-type.bundle.unit-test";
		};
		CBDD86B31F0641E0004E3166 /* pick_demoUITests */ = {
			isa = PBXNativeTarget;
			buildConfigurationList = CBDD86C31F0641E0004E3166 /* Build configuration list for PBXNativeTarget "pick_demoUITests" */;
			buildPhases = (
				CBDD86B01F0641E0004E3166 /* Sources */,
				CBDD86B11F0641E0004E3166 /* Frameworks */,
				CBDD86B21F0641E0004E3166 /* Resources */,
			);
			buildRules = (
			);
			dependencies = (
				CBDD86B61F0641E0004E3166 /* PBXTargetDependency */,
			);
			name = pick_demoUITests;
			productName = pick_demoUITests;
			productReference = CBDD86B41F0641E0004E3166 /* pick_demoUITests.xctest */;
			productType = "com.apple.product-type.bundle.ui-testing";
		};
/* End PBXNativeTarget section */

/* Begin PBXProject section */
		CBDD86881F0641E0004E3166 /* Project object */ = {
			isa = PBXProject;
			attributes = {
				LastUpgradeCheck = 0830;
				ORGANIZATIONNAME = Shijie;
				TargetAttributes = {
					CBDD868F1F0641E0004E3166 = {
						CreatedOnToolsVersion = 8.3.3;
						ProvisioningStyle = Automatic;
					};
					CBDD86A81F0641E0004E3166 = {
						CreatedOnToolsVersion = 8.3.3;
						ProvisioningStyle = Automatic;
						TestTargetID = CBDD868F1F0641E0004E3166;
					};
					CBDD86B31F0641E0004E3166 = {
						CreatedOnToolsVersion = 8.3.3;
						ProvisioningStyle = Automatic;
						TestTargetID = CBDD868F1F0641E0004E3166;
					};
				};
			};
			buildConfigurationList = CBDD868B1F0641E0004E3166 /* Build configuration list for PBXProject "pick_demo" */;
			compatibilityVersion = "Xcode 3.2";
			developmentRegion = English;
			hasScannedForEncodings = 0;
			knownRegions = (
				en,
				Base,
			);
			mainGroup = CBDD86871F0641E0004E3166;
			productRefGroup = CBDD86911F0641E0004E3166 /* Products */;
			projectDirPath = "";
			projectRoot = "";
			targets = (
				CBDD868F1F0641E0004E3166 /* pick_demo */,
				CBDD86A81F0641E0004E3166 /* pick_demoTests */,
				CBDD86B31F0641E0004E3166 /* pick_demoUITests */,
			);
		};
/* End PBXProject section */

/* Begin PBXResourcesBuildPhase section */
		CBDD868E1F0641E0004E3166 /* Resources */ = {
			isa = PBXResourcesBuildPhase;
			buildActionMask = 2147483647;
			files = (
				CBDD86A31F0641E0004E3166 /* LaunchScreen.storyboard in Resources */,
				CBDD86A01F0641E0004E3166 /* Assets.xcassets in Resources */,
				CBDD869E1F0641E0004E3166 /* Main.storyboard in Resources */,
			);
			runOnlyForDeploymentPostprocessing = 0;
		};
		CBDD86A71F0641E0004E3166 /* Resources */ = {
			isa = PBXResourcesBuildPhase;
			buildActionMask = 2147483647;
			files = (
			);
			runOnlyForDeploymentPostprocessing = 0;
		};
		CBDD86B21F0641E0004E3166 /* Resources */ = {
			isa = PBXResourcesBuildPhase;
			buildActionMask = 2147483647;
			files = (
			);
			runOnlyForDeploymentPostprocessing = 0;
		};
/* End PBXResourcesBuildPhase section */

/* Begin PBXSourcesBuildPhase section */
		CBDD868C1F0641E0004E3166 /* Sources */ = {
			isa = PBXSourcesBuildPhase;
			buildActionMask = 2147483647;
			files = (
				CBDD869B1F0641E0004E3166 /* ViewController.m in Sources */,
				CBDD86981F0641E0004E3166 /* AppDelegate.m in Sources */,
				CBDD86951F0641E0004E3166 /* main.m in Sources */,
			);
			runOnlyForDeploymentPostprocessing = 0;
		};
		CBDD86A51F0641E0004E3166 /* Sources */ = {
			isa = PBXSourcesBuildPhase;
			buildActionMask = 2147483647;
			files = (
				CBDD86AE1F0641E0004E3166 /* pick_demoTests.m in Sources */,
			);
			runOnlyForDeploymentPostprocessing = 0;
		};
		CBDD86B01F0641E0004E3166 /* Sources */ = {
			isa = PBXSourcesBuildPhase;
			buildActionMask = 2147483647;
			files = (
				CBDD86B91F0641E0004E3166 /* pick_demoUITests.m in Sources */,
			);
			runOnlyForDeploymentPostprocessing = 0;
		};
/* End PBXSourcesBuildPhase section */

/* Begin PBXTargetDependency section */
		CBDD86AB1F0641E0004E3166 /* PBXTargetDependency */ = {
			isa = PBXTargetDependency;
			target = CBDD868F1F0641E0004E3166 /* pick_demo */;
			targetProxy = CBDD86AA1F0641E0004E3166 /* PBXContainerItemProxy */;
		};
		CBDD86B61F0641E0004E3166 /* PBXTargetDependency */ = {
			isa = PBXTargetDependency;
			target = CBDD868F1F0641E0004E3166 /* pick_demo */;
			targetProxy = CBDD86B51F0641E0004E3166 /* PBXContainerItemProxy */;
		};
/* End PBXTargetDependency section */

/* Begin PBXVariantGroup section */
		CBDD869C1F0641E0004E3166 /* Main.storyboard */ = {
			isa = PBXVariantGroup;
			children = (
				CBDD869D1F0641E0004E3166 /* Base */,
			);
			name = Main.storyboard;
			sourceTree = "<group>";
		};
		CBDD86A11F0641E0004E3166 /* LaunchScreen.storyboard */ = {
			isa = PBXVariantGroup;
			children = (
				CBDD86A21F0641E0004E3166 /* Base */,
			);
			name = LaunchScreen.storyboard;
			sourceTree = "<group>";
		};
/* End PBXVariantGroup section */

/* Begin XCBuildConfiguration section */
		CBDD86BB1F0641E0004E3166 /* Debug */ = {
			isa = XCBuildConfiguration;
			buildSettings = {
				ALWAYS_SEARCH_USER_PATHS = NO;
				CLANG_ANALYZER_NONNULL = YES;
				CLANG_ANALYZER_NUMBER_OBJECT_CONVERSION = YES_AGGRESSIVE;
				CLANG_CXX_LANGUAGE_STANDARD = "gnu++0x";
				CLANG_CXX_LIBRARY = "libc++";
				CLANG_ENABLE_MODULES = YES;
				CLANG_ENABLE_OBJC_ARC = YES;
				CLANG_WARN_BOOL_CONVERSION = YES;
				CLANG_WARN_CONSTANT_CONVERSION = YES;
				CLANG_WARN_DIRECT_OBJC_ISA_USAGE = YES_ERROR;
				CLANG_WARN_DOCUMENTATION_COMMENTS = YES;
				CLANG_WARN_EMPTY_BODY = YES;
				CLANG_WARN_ENUM_CONVERSION = YES;
				CLANG_WARN_INFINITE_RECURSION = YES;
				CLANG_WARN_INT_CONVERSION = YES;
				CLANG_WARN_OBJC_ROOT_CLASS = YES_ERROR;
				CLANG_WARN_SUSPICIOUS_MOVE = YES;
				CLANG_WARN_UNREACHABLE_CODE = YES;
				CLANG_WARN__DUPLICATE_METHOD_MATCH = YES;
				"CODE_SIGN_IDENTITY[sdk=iphoneos*]" = "iPhone Developer";
				COPY_PHASE_STRIP = NO;
				DEBUG_INFORMATION_FORMAT = dwarf;
				ENABLE_STRICT_OBJC_MSGSEND = YES;
				ENABLE_TESTABILITY = YES;
				GCC_C_LANGUAGE_STANDARD = gnu99;
				GCC_DYNAMIC_NO_PIC = NO;
				GCC_NO_COMMON_BLOCKS = YES;
				GCC_OPTIMIZATION_LEVEL = 0;
				GCC_PREPROCESSOR_DEFINITIONS = (
					"DEBUG=1",
					"$(inherited)",
				);
				GCC_WARN_64_TO_32_BIT_CONVERSION = YES;
				GCC_WARN_ABOUT_RETURN_TYPE = YES_ERROR;
				GCC_WARN_UNDECLARED_SELECTOR = YES;
				GCC_WARN_UNINITIALIZED_AUTOS = YES_AGGRESSIVE;
				GCC_WARN_UNUSED_FUNCTION = YES;
				GCC_WARN_UNUSED_VARIABLE = YES;
				IPHONEOS_DEPLOYMENT_TARGET = 10.3;
				MTL_ENABLE_DEBUG_INFO = YES;
				ONLY_ACTIVE_ARCH = YES;
				SDKROOT = iphoneos;
			};
			name = Debug;
		};
		CBDD86BC1F0641E0004E3166 /* Release */ = {
			isa = XCBuildConfiguration;
			buildSettings = {
				ALWAYS_SEARCH_USER_PATHS = NO;
				CLANG_ANALYZER_NONNULL = YES;
				CLANG_ANALYZER_NUMBER_OBJECT_CONVERSION = YES_AGGRESSIVE;
				CLANG_CXX_LANGUAGE_STANDARD = "gnu++0x";
				CLANG_CXX_LIBRARY = "libc++";
				CLANG_ENABLE_MODULES = YES;
				CLANG_ENABLE_OBJC_ARC = YES;
				CLANG_WARN_BOOL_CONVERSION = YES;
				CLANG_WARN_CONSTANT_CONVERSION = YES;
				CLANG_WARN_DIRECT_OBJC_ISA_USAGE = YES_ERROR;
				CLANG_WARN_DOCUMENTATION_COMMENTS = YES;
				CLANG_WARN_EMPTY_BODY = YES;
				CLANG_WARN_ENUM_CONVERSION = YES;
				CLANG_WARN_INFINITE_RECURSION = YES;
				CLANG_WARN_INT_CONVERSION = YES;
				CLANG_WARN_OBJC_ROOT_CLASS = YES_ERROR;
				CLANG_WARN_SUSPICIOUS_MOVE = YES;
				CLANG_WARN_UNREACHABLE_CODE = YES;
				CLANG_WARN__DUPLICATE_METHOD_MATCH = YES;
				"CODE_SIGN_IDENTITY[sdk=iphoneos*]" = "iPhone Developer";
				COPY_PHASE_STRIP = NO;
				DEBUG_INFORMATION_FORMAT = "dwarf-with-dsym";
				ENABLE_NS_ASSERTIONS = NO;
				ENABLE_STRICT_OBJC_MSGSEND = YES;
				GCC_C_LANGUAGE_STANDARD = gnu99;
				GCC_NO_COMMON_BLOCKS = YES;
				GCC_WARN_64_TO_32_BIT_CONVERSION = YES;
				GCC_WARN_ABOUT_RETURN_TYPE = YES_ERROR;
				GCC_WARN_UNDECLARED_SELECTOR = YES;
				GCC_WARN_UNINITIALIZED_AUTOS = YES_AGGRESSIVE;
				GCC_WARN_UNUSED_FUNCTION = YES;
				GCC_WARN_UNUSED_VARIABLE = YES;
				IPHONEOS_DEPLOYMENT_TARGET = 10.3;
				MTL_ENABLE_DEBUG_INFO = NO;
				SDKROOT = iphoneos;
				VALIDATE_PRODUCT = YES;
			};
			name = Release;
		};
		CBDD86BE1F0641E0004E3166 /* Debug */ = {
			isa = XCBuildConfiguration;
			buildSettings = {
				ASSETCATALOG_COMPILER_APPICON_NAME = AppIcon;
				INFOPLIST_FILE = pick_demo/Info.plist;
				LD_RUNPATH_SEARCH_PATHS = "$(inherited) @executable_path/Frameworks";
				PRODUCT_BUNDLE_IDENTIFIER = "com.shijie.pick-demo";
				PRODUCT_NAME = "$(TARGET_NAME)";
			};
			name = Debug;
		};
		CBDD86BF1F0641E0004E3166 /* Release */ = {
			isa = XCBuildConfiguration;
			buildSettings = {
				ASSETCATALOG_COMPILER_APPICON_NAME = AppIcon;
				INFOPLIST_FILE = pick_demo/Info.plist;
				LD_RUNPATH_SEARCH_PATHS = "$(inherited) @executable_path/Frameworks";
				PRODUCT_BUNDLE_IDENTIFIER = "com.shijie.pick-demo";
				PRODUCT_NAME = "$(TARGET_NAME)";
			};
			name = Release;
		};
		CBDD86C11F0641E0004E3166 /* Debug */ = {
			isa = XCBuildConfiguration;
			buildSettings = {
				BUNDLE_LOADER = "$(TEST_HOST)";
				INFOPLIST_FILE = pick_demoTests/Info.plist;
				LD_RUNPATH_SEARCH_PATHS = "$(inherited) @executable_path/Frameworks @loader_path/Frameworks";
				PRODUCT_BUNDLE_IDENTIFIER = "com.shijie.pick-demoTests";
				PRODUCT_NAME = "$(TARGET_NAME)";
				TEST_HOST = "$(BUILT_PRODUCTS_DIR)/pick_demo.app/pick_demo";
			};
			name = Debug;
		};
		CBDD86C21F0641E0004E3166 /* Release */ = {
			isa = XCBuildConfiguration;
			buildSettings = {
				BUNDLE_LOADER = "$(TEST_HOST)";
				INFOPLIST_FILE = pick_demoTests/Info.plist;
				LD_RUNPATH_SEARCH_PATHS = "$(inherited) @executable_path/Frameworks @loader_path/Frameworks";
				PRODUCT_BUNDLE_IDENTIFIER = "com.shijie.pick-demoTests";
				PRODUCT_NAME = "$(TARGET_NAME)";
				TEST_HOST = "$(BUILT_PRODUCTS_DIR)/pick_demo.app/pick_demo";
			};
			name = Release;
		};
		CBDD86C41F0641E0004E3166 /* Debug */ = {
			isa = XCBuildConfiguration;
			buildSettings = {
				INFOPLIST_FILE = pick_demoUITests/Info.plist;
				LD_RUNPATH_SEARCH_PATHS = "$(inherited) @executable_path/Frameworks @loader_path/Frameworks";
				PRODUCT_BUNDLE_IDENTIFIER = "com.shijie.pick-demoUITests";
				PRODUCT_NAME = "$(TARGET_NAME)";
				TEST_TARGET_NAME = pick_demo;
			};
			name = Debug;
		};
		CBDD86C51F0641E0004E3166 /* Release */ = {
			isa = XCBuildConfiguration;
			buildSettings = {
				INFOPLIST_FILE = pick_demoUITests/Info.plist;
				LD_RUNPATH_SEARCH_PATHS = "$(inherited) @executable_path/Frameworks @loader_path/Frameworks";
				PRODUCT_BUNDLE_IDENTIFIER = "com.shijie.pick-demoUITests";
				PRODUCT_NAME = "$(TARGET_NAME)";
				TEST_TARGET_NAME = pick_demo;
			};
			name = Release;
		};
/* End XCBuildConfiguration section */

/* Begin XCConfigurationList section */
		CBDD868B1F0641E0004E3166 /* Build configuration list for PBXProject "pick_demo" */ = {
			isa = XCConfigurationList;
			buildConfigurations = (
				CBDD86BB1F0641E0004E3166 /* Debug */,
				CBDD86BC1F0641E0004E3166 /* Release */,
			);
			defaultConfigurationIsVisible = 0;
			defaultConfigurationName = Release;
		};
		CBDD86BD1F0641E0004E3166 /* Build configuration list for PBXNativeTarget "pick_demo" */ = {
			isa = XCConfigurationList;
			buildConfigurations = (
				CBDD86BE1F0641E0004E3166 /* Debug */,
				CBDD86BF1F0641E0004E3166 /* Release */,
			);
			defaultConfigurationIsVisible = 0;
		};
		CBDD86C01F0641E0004E3166 /* Build configuration list for PBXNativeTarget "pick_demoTests" */ = {
			isa = XCConfigurationList;
			buildConfigurations = (
				CBDD86C11F0641E0004E3166 /* Debug */,
				CBDD86C21F0641E0004E3166 /* Release */,
			);
			defaultConfigurationIsVisible = 0;
		};
		CBDD86C31F0641E0004E3166 /* Build configuration list for PBXNativeTarget "pick_demoUITests" */ = {
			isa = XCConfigurationList;
			buildConfigurations = (
				CBDD86C41F0641E0004E3166 /* Debug */,
				CBDD86C51F0641E0004E3166 /* Release */,
			);
			defaultConfigurationIsVisible = 0;
		};
/* End XCConfigurationList section */
	};
	rootObject = CBDD86881F0641E0004E3166 /* Project object */;
}
