// !$*UTF8*$!
{
	archiveVersion = 1;
	classes = {
	};
	objectVersion = 46;
	objects = {

/* Begin PBXBuildFile section */
		CB34052C1E657164007DF245 /* main.m in Sources */ = {isa = PBXBuildFile; fileRef = CB34052B1E657164007DF245 /* main.m */; };
		CB34052F1E657164007DF245 /* AppDelegate.m in Sources */ = {isa = PBXBuildFile; fileRef = CB34052E1E657164007DF245 /* AppDelegate.m */; };
		CB3405321E657164007DF245 /* ViewController.m in Sources */ = {isa = PBXBuildFile; fileRef = CB3405311E657164007DF245 /* ViewController.m */; };
		CB3405351E657164007DF245 /* Main.storyboard in Resources */ = {isa = PBXBuildFile; fileRef = CB3405331E657164007DF245 /* Main.storyboard */; };
		CB3405371E657164007DF245 /* Assets.xcassets in Resources */ = {isa = PBXBuildFile; fileRef = CB3405361E657164007DF245 /* Assets.xcassets */; };
		CB34053A1E657164007DF245 /* LaunchScreen.storyboard in Resources */ = {isa = PBXBuildFile; fileRef = CB3405381E657164007DF245 /* LaunchScreen.storyboard */; };
		CB3405451E657164007DF245 /* multi_thread_communicationTests.m in Sources */ = {isa = PBXBuildFile; fileRef = CB3405441E657164007DF245 /* multi_thread_communicationTests.m */; };
		CB3405501E657164007DF245 /* multi_thread_communicationUITests.m in Sources */ = {isa = PBXBuildFile; fileRef = CB34054F1E657164007DF245 /* multi_thread_communicationUITests.m */; };
		CB34055F1E65757F007DF245 /* Person.m in Sources */ = {isa = PBXBuildFile; fileRef = CB34055E1E65757F007DF245 /* Person.m */; };
		CB3405621E6575D6007DF245 /* Card.m in Sources */ = {isa = PBXBuildFile; fileRef = CB3405611E6575D6007DF245 /* Card.m */; };
/* End PBXBuildFile section */

/* Begin PBXContainerItemProxy section */
		CB3405411E657164007DF245 /* PBXContainerItemProxy */ = {
			isa = PBXContainerItemProxy;
			containerPortal = CB34051F1E657164007DF245 /* Project object */;
			proxyType = 1;
			remoteGlobalIDString = CB3405261E657164007DF245;
			remoteInfo = multi_thread_communication;
		};
		CB34054C1E657164007DF245 /* PBXContainerItemProxy */ = {
			isa = PBXContainerItemProxy;
			containerPortal = CB34051F1E657164007DF245 /* Project object */;
			proxyType = 1;
			remoteGlobalIDString = CB3405261E657164007DF245;
			remoteInfo = multi_thread_communication;
		};
/* End PBXContainerItemProxy section */

/* Begin PBXFileReference section */
		CB3405271E657164007DF245 /* multi_thread_communication.app */ = {isa = PBXFileReference; explicitFileType = wrapper.application; includeInIndex = 0; path = multi_thread_communication.app; sourceTree = BUILT_PRODUCTS_DIR; };
		CB34052B1E657164007DF245 /* main.m */ = {isa = PBXFileReference; lastKnownFileType = sourcecode.c.objc; path = main.m; sourceTree = "<group>"; };
		CB34052D1E657164007DF245 /* AppDelegate.h */ = {isa = PBXFileReference; lastKnownFileType = sourcecode.c.h; path = AppDelegate.h; sourceTree = "<group>"; };
		CB34052E1E657164007DF245 /* AppDelegate.m */ = {isa = PBXFileReference; lastKnownFileType = sourcecode.c.objc; path = AppDelegate.m; sourceTree = "<group>"; };
		CB3405301E657164007DF245 /* ViewController.h */ = {isa = PBXFileReference; lastKnownFileType = sourcecode.c.h; path = ViewController.h; sourceTree = "<group>"; };
		CB3405311E657164007DF245 /* ViewController.m */ = {isa = PBXFileReference; lastKnownFileType = sourcecode.c.objc; path = ViewController.m; sourceTree = "<group>"; };
		CB3405341E657164007DF245 /* Base */ = {isa = PBXFileReference; lastKnownFileType = file.storyboard; name = Base; path = Base.lproj/Main.storyboard; sourceTree = "<group>"; };
		CB3405361E657164007DF245 /* Assets.xcassets */ = {isa = PBXFileReference; lastKnownFileType = folder.assetcatalog; path = Assets.xcassets; sourceTree = "<group>"; };
		CB3405391E657164007DF245 /* Base */ = {isa = PBXFileReference; lastKnownFileType = file.storyboard; name = Base; path = Base.lproj/LaunchScreen.storyboard; sourceTree = "<group>"; };
		CB34053B1E657164007DF245 /* Info.plist */ = {isa = PBXFileReference; lastKnownFileType = text.plist.xml; path = Info.plist; sourceTree = "<group>"; };
		CB3405401E657164007DF245 /* multi_thread_communicationTests.xctest */ = {isa = PBXFileReference; explicitFileType = wrapper.cfbundle; includeInIndex = 0; path = multi_thread_communicationTests.xctest; sourceTree = BUILT_PRODUCTS_DIR; };
		CB3405441E657164007DF245 /* multi_thread_communicationTests.m */ = {isa = PBXFileReference; lastKnownFileType = sourcecode.c.objc; path = multi_thread_communicationTests.m; sourceTree = "<group>"; };
		CB3405461E657164007DF245 /* Info.plist */ = {isa = PBXFileReference; lastKnownFileType = text.plist.xml; path = Info.plist; sourceTree = "<group>"; };
		CB34054B1E657164007DF245 /* multi_thread_communicationUITests.xctest */ = {isa = PBXFileReference; explicitFileType = wrapper.cfbundle; includeInIndex = 0; path = multi_thread_communicationUITests.xctest; sourceTree = BUILT_PRODUCTS_DIR; };
		CB34054F1E657164007DF245 /* multi_thread_communicationUITests.m */ = {isa = PBXFileReference; lastKnownFileType = sourcecode.c.objc; path = multi_thread_communicationUITests.m; sourceTree = "<group>"; };
		CB3405511E657164007DF245 /* Info.plist */ = {isa = PBXFileReference; lastKnownFileType = text.plist.xml; path = Info.plist; sourceTree = "<group>"; };
		CB34055D1E65757F007DF245 /* Person.h */ = {isa = PBXFileReference; fileEncoding = 4; lastKnownFileType = sourcecode.c.h; path = Person.h; sourceTree = "<group>"; };
		CB34055E1E65757F007DF245 /* Person.m */ = {isa = PBXFileReference; fileEncoding = 4; lastKnownFileType = sourcecode.c.objc; path = Person.m; sourceTree = "<group>"; };
		CB3405601E6575D6007DF245 /* Card.h */ = {isa = PBXFileReference; fileEncoding = 4; lastKnownFileType = sourcecode.c.h; path = Card.h; sourceTree = "<group>"; };
		CB3405611E6575D6007DF245 /* Card.m */ = {isa = PBXFileReference; fileEncoding = 4; lastKnownFileType = sourcecode.c.objc; path = Card.m; sourceTree = "<group>"; };
/* End PBXFileReference section */

/* Begin PBXFrameworksBuildPhase section */
		CB3405241E657164007DF245 /* Frameworks */ = {
			isa = PBXFrameworksBuildPhase;
			buildActionMask = 2147483647;
			files = (
			);
			runOnlyForDeploymentPostprocessing = 0;
		};
		CB34053D1E657164007DF245 /* Frameworks */ = {
			isa = PBXFrameworksBuildPhase;
			buildActionMask = 2147483647;
			files = (
			);
			runOnlyForDeploymentPostprocessing = 0;
		};
		CB3405481E657164007DF245 /* Frameworks */ = {
			isa = PBXFrameworksBuildPhase;
			buildActionMask = 2147483647;
			files = (
			);
			runOnlyForDeploymentPostprocessing = 0;
		};
/* End PBXFrameworksBuildPhase section */

/* Begin PBXGroup section */
		CB34051E1E657164007DF245 = {
			isa = PBXGroup;
			children = (
				CB3405291E657164007DF245 /* multi_thread_communication */,
				CB3405431E657164007DF245 /* multi_thread_communicationTests */,
				CB34054E1E657164007DF245 /* multi_thread_communicationUITests */,
				CB3405281E657164007DF245 /* Products */,
			);
			sourceTree = "<group>";
		};
		CB3405281E657164007DF245 /* Products */ = {
			isa = PBXGroup;
			children = (
				CB3405271E657164007DF245 /* multi_thread_communication.app */,
				CB3405401E657164007DF245 /* multi_thread_communicationTests.xctest */,
				CB34054B1E657164007DF245 /* multi_thread_communicationUITests.xctest */,
			);
			name = Products;
			sourceTree = "<group>";
		};
		CB3405291E657164007DF245 /* multi_thread_communication */ = {
			isa = PBXGroup;
			children = (
				CB34052D1E657164007DF245 /* AppDelegate.h */,
				CB34052E1E657164007DF245 /* AppDelegate.m */,
				CB3405301E657164007DF245 /* ViewController.h */,
				CB3405311E657164007DF245 /* ViewController.m */,
				CB34055D1E65757F007DF245 /* Person.h */,
				CB34055E1E65757F007DF245 /* Person.m */,
				CB3405601E6575D6007DF245 /* Card.h */,
				CB3405611E6575D6007DF245 /* Card.m */,
				CB3405331E657164007DF245 /* Main.storyboard */,
				CB3405361E657164007DF245 /* Assets.xcassets */,
				CB3405381E657164007DF245 /* LaunchScreen.storyboard */,
				CB34053B1E657164007DF245 /* Info.plist */,
				CB34052A1E657164007DF245 /* Supporting Files */,
			);
			path = multi_thread_communication;
			sourceTree = "<group>";
		};
		CB34052A1E657164007DF245 /* Supporting Files */ = {
			isa = PBXGroup;
			children = (
				CB34052B1E657164007DF245 /* main.m */,
			);
			name = "Supporting Files";
			sourceTree = "<group>";
		};
		CB3405431E657164007DF245 /* multi_thread_communicationTests */ = {
			isa = PBXGroup;
			children = (
				CB3405441E657164007DF245 /* multi_thread_communicationTests.m */,
				CB3405461E657164007DF245 /* Info.plist */,
			);
			path = multi_thread_communicationTests;
			sourceTree = "<group>";
		};
		CB34054E1E657164007DF245 /* multi_thread_communicationUITests */ = {
			isa = PBXGroup;
			children = (
				CB34054F1E657164007DF245 /* multi_thread_communicationUITests.m */,
				CB3405511E657164007DF245 /* Info.plist */,
			);
			path = multi_thread_communicationUITests;
			sourceTree = "<group>";
		};
/* End PBXGroup section */

/* Begin PBXNativeTarget section */
		CB3405261E657164007DF245 /* multi_thread_communication */ = {
			isa = PBXNativeTarget;
			buildConfigurationList = CB3405541E657164007DF245 /* Build configuration list for PBXNativeTarget "multi_thread_communication" */;
			buildPhases = (
				CB3405231E657164007DF245 /* Sources */,
				CB3405241E657164007DF245 /* Frameworks */,
				CB3405251E657164007DF245 /* Resources */,
			);
			buildRules = (
			);
			dependencies = (
			);
			name = multi_thread_communication;
			productName = multi_thread_communication;
			productReference = CB3405271E657164007DF245 /* multi_thread_communication.app */;
			productType = "com.apple.product-type.application";
		};
		CB34053F1E657164007DF245 /* multi_thread_communicationTests */ = {
			isa = PBXNativeTarget;
			buildConfigurationList = CB3405571E657164007DF245 /* Build configuration list for PBXNativeTarget "multi_thread_communicationTests" */;
			buildPhases = (
				CB34053C1E657164007DF245 /* Sources */,
				CB34053D1E657164007DF245 /* Frameworks */,
				CB34053E1E657164007DF245 /* Resources */,
			);
			buildRules = (
			);
			dependencies = (
				CB3405421E657164007DF245 /* PBXTargetDependency */,
			);
			name = multi_thread_communicationTests;
			productName = multi_thread_communicationTests;
			productReference = CB3405401E657164007DF245 /* multi_thread_communicationTests.xctest */;
			productType = "com.apple.product-type.bundle.unit-test";
		};
		CB34054A1E657164007DF245 /* multi_thread_communicationUITests */ = {
			isa = PBXNativeTarget;
			buildConfigurationList = CB34055A1E657164007DF245 /* Build configuration list for PBXNativeTarget "multi_thread_communicationUITests" */;
			buildPhases = (
				CB3405471E657164007DF245 /* Sources */,
				CB3405481E657164007DF245 /* Frameworks */,
				CB3405491E657164007DF245 /* Resources */,
			);
			buildRules = (
			);
			dependencies = (
				CB34054D1E657164007DF245 /* PBXTargetDependency */,
			);
			name = multi_thread_communicationUITests;
			productName = multi_thread_communicationUITests;
			productReference = CB34054B1E657164007DF245 /* multi_thread_communicationUITests.xctest */;
			productType = "com.apple.product-type.bundle.ui-testing";
		};
/* End PBXNativeTarget section */

/* Begin PBXProject section */
		CB34051F1E657164007DF245 /* Project object */ = {
			isa = PBXProject;
			attributes = {
				LastUpgradeCheck = 0820;
				ORGANIZATIONNAME = Shijie;
				TargetAttributes = {
					CB3405261E657164007DF245 = {
						CreatedOnToolsVersion = 8.2;
						ProvisioningStyle = Automatic;
					};
					CB34053F1E657164007DF245 = {
						CreatedOnToolsVersion = 8.2;
						ProvisioningStyle = Automatic;
						TestTargetID = CB3405261E657164007DF245;
					};
					CB34054A1E657164007DF245 = {
						CreatedOnToolsVersion = 8.2;
						ProvisioningStyle = Automatic;
						TestTargetID = CB3405261E657164007DF245;
					};
				};
			};
			buildConfigurationList = CB3405221E657164007DF245 /* Build configuration list for PBXProject "multi_thread_communication" */;
			compatibilityVersion = "Xcode 3.2";
			developmentRegion = English;
			hasScannedForEncodings = 0;
			knownRegions = (
				en,
				Base,
			);
			mainGroup = CB34051E1E657164007DF245;
			productRefGroup = CB3405281E657164007DF245 /* Products */;
			projectDirPath = "";
			projectRoot = "";
			targets = (
				CB3405261E657164007DF245 /* multi_thread_communication */,
				CB34053F1E657164007DF245 /* multi_thread_communicationTests */,
				CB34054A1E657164007DF245 /* multi_thread_communicationUITests */,
			);
		};
/* End PBXProject section */

/* Begin PBXResourcesBuildPhase section */
		CB3405251E657164007DF245 /* Resources */ = {
			isa = PBXResourcesBuildPhase;
			buildActionMask = 2147483647;
			files = (
				CB34053A1E657164007DF245 /* LaunchScreen.storyboard in Resources */,
				CB3405371E657164007DF245 /* Assets.xcassets in Resources */,
				CB3405351E657164007DF245 /* Main.storyboard in Resources */,
			);
			runOnlyForDeploymentPostprocessing = 0;
		};
		CB34053E1E657164007DF245 /* Resources */ = {
			isa = PBXResourcesBuildPhase;
			buildActionMask = 2147483647;
			files = (
			);
			runOnlyForDeploymentPostprocessing = 0;
		};
		CB3405491E657164007DF245 /* Resources */ = {
			isa = PBXResourcesBuildPhase;
			buildActionMask = 2147483647;
			files = (
			);
			runOnlyForDeploymentPostprocessing = 0;
		};
/* End PBXResourcesBuildPhase section */

/* Begin PBXSourcesBuildPhase section */
		CB3405231E657164007DF245 /* Sources */ = {
			isa = PBXSourcesBuildPhase;
			buildActionMask = 2147483647;
			files = (
				CB3405621E6575D6007DF245 /* Card.m in Sources */,
				CB3405321E657164007DF245 /* ViewController.m in Sources */,
				CB34052F1E657164007DF245 /* AppDelegate.m in Sources */,
				CB34055F1E65757F007DF245 /* Person.m in Sources */,
				CB34052C1E657164007DF245 /* main.m in Sources */,
			);
			runOnlyForDeploymentPostprocessing = 0;
		};
		CB34053C1E657164007DF245 /* Sources */ = {
			isa = PBXSourcesBuildPhase;
			buildActionMask = 2147483647;
			files = (
				CB3405451E657164007DF245 /* multi_thread_communicationTests.m in Sources */,
			);
			runOnlyForDeploymentPostprocessing = 0;
		};
		CB3405471E657164007DF245 /* Sources */ = {
			isa = PBXSourcesBuildPhase;
			buildActionMask = 2147483647;
			files = (
				CB3405501E657164007DF245 /* multi_thread_communicationUITests.m in Sources */,
			);
			runOnlyForDeploymentPostprocessing = 0;
		};
/* End PBXSourcesBuildPhase section */

/* Begin PBXTargetDependency section */
		CB3405421E657164007DF245 /* PBXTargetDependency */ = {
			isa = PBXTargetDependency;
			target = CB3405261E657164007DF245 /* multi_thread_communication */;
			targetProxy = CB3405411E657164007DF245 /* PBXContainerItemProxy */;
		};
		CB34054D1E657164007DF245 /* PBXTargetDependency */ = {
			isa = PBXTargetDependency;
			target = CB3405261E657164007DF245 /* multi_thread_communication */;
			targetProxy = CB34054C1E657164007DF245 /* PBXContainerItemProxy */;
		};
/* End PBXTargetDependency section */

/* Begin PBXVariantGroup section */
		CB3405331E657164007DF245 /* Main.storyboard */ = {
			isa = PBXVariantGroup;
			children = (
				CB3405341E657164007DF245 /* Base */,
			);
			name = Main.storyboard;
			sourceTree = "<group>";
		};
		CB3405381E657164007DF245 /* LaunchScreen.storyboard */ = {
			isa = PBXVariantGroup;
			children = (
				CB3405391E657164007DF245 /* Base */,
			);
			name = LaunchScreen.storyboard;
			sourceTree = "<group>";
		};
/* End PBXVariantGroup section */

/* Begin XCBuildConfiguration section */
		CB3405521E657164007DF245 /* Debug */ = {
			isa = XCBuildConfiguration;
			buildSettings = {
				ALWAYS_SEARCH_USER_PATHS = NO;
				CLANG_ANALYZER_NONNULL = YES;
				CLANG_CXX_LANGUAGE_STANDARD = "gnu++0x";
				CLANG_CXX_LIBRARY = "libc++";
				CLANG_ENABLE_MODULES = YES;
				CLANG_ENABLE_OBJC_ARC = YES;
				CLANG_WARN_BOOL_CONVERSION = YES;
				CLANG_WARN_CONSTANT_CONVERSION = YES;
				CLANG_WARN_DIRECT_OBJC_ISA_USAGE = YES_ERROR;
				CLANG_WARN_DOCUMENTATION_COMMENTS = YES;
				CLANG_WARN_EMPTY_BODY = YES;
				CLANG_WARN_ENUM_CONVERSION = YES;
				CLANG_WARN_INFINITE_RECURSION = YES;
				CLANG_WARN_INT_CONVERSION = YES;
				CLANG_WARN_OBJC_ROOT_CLASS = YES_ERROR;
				CLANG_WARN_SUSPICIOUS_MOVE = YES;
				CLANG_WARN_UNREACHABLE_CODE = YES;
				CLANG_WARN__DUPLICATE_METHOD_MATCH = YES;
				"CODE_SIGN_IDENTITY[sdk=iphoneos*]" = "iPhone Developer";
				COPY_PHASE_STRIP = NO;
				DEBUG_INFORMATION_FORMAT = dwarf;
				ENABLE_STRICT_OBJC_MSGSEND = YES;
				ENABLE_TESTABILITY = YES;
				GCC_C_LANGUAGE_STANDARD = gnu99;
				GCC_DYNAMIC_NO_PIC = NO;
				GCC_NO_COMMON_BLOCKS = YES;
				GCC_OPTIMIZATION_LEVEL = 0;
				GCC_PREPROCESSOR_DEFINITIONS = (
					"DEBUG=1",
					"$(inherited)",
				);
				GCC_WARN_64_TO_32_BIT_CONVERSION = YES;
				GCC_WARN_ABOUT_RETURN_TYPE = YES_ERROR;
				GCC_WARN_UNDECLARED_SELECTOR = YES;
				GCC_WARN_UNINITIALIZED_AUTOS = YES_AGGRESSIVE;
				GCC_WARN_UNUSED_FUNCTION = YES;
				GCC_WARN_UNUSED_VARIABLE = YES;
				IPHONEOS_DEPLOYMENT_TARGET = 10.2;
				MTL_ENABLE_DEBUG_INFO = YES;
				ONLY_ACTIVE_ARCH = YES;
				SDKROOT = iphoneos;
			};
			name = Debug;
		};
		CB3405531E657164007DF245 /* Release */ = {
			isa = XCBuildConfiguration;
			buildSettings = {
				ALWAYS_SEARCH_USER_PATHS = NO;
				CLANG_ANALYZER_NONNULL = YES;
				CLANG_CXX_LANGUAGE_STANDARD = "gnu++0x";
				CLANG_CXX_LIBRARY = "libc++";
				CLANG_ENABLE_MODULES = YES;
				CLANG_ENABLE_OBJC_ARC = YES;
				CLANG_WARN_BOOL_CONVERSION = YES;
				CLANG_WARN_CONSTANT_CONVERSION = YES;
				CLANG_WARN_DIRECT_OBJC_ISA_USAGE = YES_ERROR;
				CLANG_WARN_DOCUMENTATION_COMMENTS = YES;
				CLANG_WARN_EMPTY_BODY = YES;
				CLANG_WARN_ENUM_CONVERSION = YES;
				CLANG_WARN_INFINITE_RECURSION = YES;
				CLANG_WARN_INT_CONVERSION = YES;
				CLANG_WARN_OBJC_ROOT_CLASS = YES_ERROR;
				CLANG_WARN_SUSPICIOUS_MOVE = YES;
				CLANG_WARN_UNREACHABLE_CODE = YES;
				CLANG_WARN__DUPLICATE_METHOD_MATCH = YES;
				"CODE_SIGN_IDENTITY[sdk=iphoneos*]" = "iPhone Developer";
				COPY_PHASE_STRIP = NO;
				DEBUG_INFORMATION_FORMAT = "dwarf-with-dsym";
				ENABLE_NS_ASSERTIONS = NO;
				ENABLE_STRICT_OBJC_MSGSEND = YES;
				GCC_C_LANGUAGE_STANDARD = gnu99;
				GCC_NO_COMMON_BLOCKS = YES;
				GCC_WARN_64_TO_32_BIT_CONVERSION = YES;
				GCC_WARN_ABOUT_RETURN_TYPE = YES_ERROR;
				GCC_WARN_UNDECLARED_SELECTOR = YES;
				GCC_WARN_UNINITIALIZED_AUTOS = YES_AGGRESSIVE;
				GCC_WARN_UNUSED_FUNCTION = YES;
				GCC_WARN_UNUSED_VARIABLE = YES;
				IPHONEOS_DEPLOYMENT_TARGET = 10.2;
				MTL_ENABLE_DEBUG_INFO = NO;
				SDKROOT = iphoneos;
				VALIDATE_PRODUCT = YES;
			};
			name = Release;
		};
		CB3405551E657164007DF245 /* Debug */ = {
			isa = XCBuildConfiguration;
			buildSettings = {
				ASSETCATALOG_COMPILER_APPICON_NAME = AppIcon;
				INFOPLIST_FILE = multi_thread_communication/Info.plist;
				LD_RUNPATH_SEARCH_PATHS = "$(inherited) @executable_path/Frameworks";
				PRODUCT_BUNDLE_IDENTIFIER = "com.shijie.multi-thread-communication";
				PRODUCT_NAME = "$(TARGET_NAME)";
			};
			name = Debug;
		};
		CB3405561E657164007DF245 /* Release */ = {
			isa = XCBuildConfiguration;
			buildSettings = {
				ASSETCATALOG_COMPILER_APPICON_NAME = AppIcon;
				INFOPLIST_FILE = multi_thread_communication/Info.plist;
				LD_RUNPATH_SEARCH_PATHS = "$(inherited) @executable_path/Frameworks";
				PRODUCT_BUNDLE_IDENTIFIER = "com.shijie.multi-thread-communication";
				PRODUCT_NAME = "$(TARGET_NAME)";
			};
			name = Release;
		};
		CB3405581E657164007DF245 /* Debug */ = {
			isa = XCBuildConfiguration;
			buildSettings = {
				BUNDLE_LOADER = "$(TEST_HOST)";
				INFOPLIST_FILE = multi_thread_communicationTests/Info.plist;
				LD_RUNPATH_SEARCH_PATHS = "$(inherited) @executable_path/Frameworks @loader_path/Frameworks";
				PRODUCT_BUNDLE_IDENTIFIER = "com.shijie.multi-thread-communicationTests";
				PRODUCT_NAME = "$(TARGET_NAME)";
				TEST_HOST = "$(BUILT_PRODUCTS_DIR)/multi_thread_communication.app/multi_thread_communication";
			};
			name = Debug;
		};
		CB3405591E657164007DF245 /* Release */ = {
			isa = XCBuildConfiguration;
			buildSettings = {
				BUNDLE_LOADER = "$(TEST_HOST)";
				INFOPLIST_FILE = multi_thread_communicationTests/Info.plist;
				LD_RUNPATH_SEARCH_PATHS = "$(inherited) @executable_path/Frameworks @loader_path/Frameworks";
				PRODUCT_BUNDLE_IDENTIFIER = "com.shijie.multi-thread-communicationTests";
				PRODUCT_NAME = "$(TARGET_NAME)";
				TEST_HOST = "$(BUILT_PRODUCTS_DIR)/multi_thread_communication.app/multi_thread_communication";
			};
			name = Release;
		};
		CB34055B1E657164007DF245 /* Debug */ = {
			isa = XCBuildConfiguration;
			buildSettings = {
				INFOPLIST_FILE = multi_thread_communicationUITests/Info.plist;
				LD_RUNPATH_SEARCH_PATHS = "$(inherited) @executable_path/Frameworks @loader_path/Frameworks";
				PRODUCT_BUNDLE_IDENTIFIER = "com.shijie.multi-thread-communicationUITests";
				PRODUCT_NAME = "$(TARGET_NAME)";
				TEST_TARGET_NAME = multi_thread_communication;
			};
			name = Debug;
		};
		CB34055C1E657164007DF245 /* Release */ = {
			isa = XCBuildConfiguration;
			buildSettings = {
				INFOPLIST_FILE = multi_thread_communicationUITests/Info.plist;
				LD_RUNPATH_SEARCH_PATHS = "$(inherited) @executable_path/Frameworks @loader_path/Frameworks";
				PRODUCT_BUNDLE_IDENTIFIER = "com.shijie.multi-thread-communicationUITests";
				PRODUCT_NAME = "$(TARGET_NAME)";
				TEST_TARGET_NAME = multi_thread_communication;
			};
			name = Release;
		};
/* End XCBuildConfiguration section */

/* Begin XCConfigurationList section */
		CB3405221E657164007DF245 /* Build configuration list for PBXProject "multi_thread_communication" */ = {
			isa = XCConfigurationList;
			buildConfigurations = (
				CB3405521E657164007DF245 /* Debug */,
				CB3405531E657164007DF245 /* Release */,
			);
			defaultConfigurationIsVisible = 0;
			defaultConfigurationName = Release;
		};
		CB3405541E657164007DF245 /* Build configuration list for PBXNativeTarget "multi_thread_communication" */ = {
			isa = XCConfigurationList;
			buildConfigurations = (
				CB3405551E657164007DF245 /* Debug */,
				CB3405561E657164007DF245 /* Release */,
			);
			defaultConfigurationIsVisible = 0;
		};
		CB3405571E657164007DF245 /* Build configuration list for PBXNativeTarget "multi_thread_communicationTests" */ = {
			isa = XCConfigurationList;
			buildConfigurations = (
				CB3405581E657164007DF245 /* Debug */,
				CB3405591E657164007DF245 /* Release */,
			);
			defaultConfigurationIsVisible = 0;
		};
		CB34055A1E657164007DF245 /* Build configuration list for PBXNativeTarget "multi_thread_communicationUITests" */ = {
			isa = XCConfigurationList;
			buildConfigurations = (
				CB34055B1E657164007DF245 /* Debug */,
				CB34055C1E657164007DF245 /* Release */,
			);
			defaultConfigurationIsVisible = 0;
		};
/* End XCConfigurationList section */
	};
	rootObject = CB34051F1E657164007DF245 /* Project object */;
}
